// !$*UTF8*$!
{
	archiveVersion = 1;
	classes = {
	};
	objectVersion = 46;
	objects = {

/* Begin PBXBuildFile section */
		8237BAB5175B42D300616FC7 /* UTAppDelegate.m in Sources */ = {isa = PBXBuildFile; fileRef = 8237BAAC175B42D300616FC7 /* UTAppDelegate.m */; };
		8237BABE175B4ACC00616FC7 /* UTOneViewController.m in Sources */ = {isa = PBXBuildFile; fileRef = 8237BABC175B4ACC00616FC7 /* UTOneViewController.m */; };
		8237BACB175B4BB900616FC7 /* UTTwoViewController.m in Sources */ = {isa = PBXBuildFile; fileRef = 8237BAC9175B4BB900616FC7 /* UTTwoViewController.m */; };
		8237BAD0175B4BC100616FC7 /* UTThreeViewController.m in Sources */ = {isa = PBXBuildFile; fileRef = 8237BACE175B4BC100616FC7 /* UTThreeViewController.m */; };
		8237BAD5175B4BC700616FC7 /* UTFourViewController.m in Sources */ = {isa = PBXBuildFile; fileRef = 8237BAD3175B4BC700616FC7 /* UTFourViewController.m */; };
		8237BADA175B4BCF00616FC7 /* UTFiveViewController.m in Sources */ = {isa = PBXBuildFile; fileRef = 8237BAD8175B4BCF00616FC7 /* UTFiveViewController.m */; };
		8237BAE6175B4C1300616FC7 /* UTFiveViewController.xib in Resources */ = {isa = PBXBuildFile; fileRef = 8237BADD175B4C1300616FC7 /* UTFiveViewController.xib */; };
		8237BAE7175B4C1300616FC7 /* UTFourViewController.xib in Resources */ = {isa = PBXBuildFile; fileRef = 8237BADF175B4C1300616FC7 /* UTFourViewController.xib */; };
		8237BAE8175B4C1300616FC7 /* UTOneViewController.xib in Resources */ = {isa = PBXBuildFile; fileRef = 8237BAE1175B4C1300616FC7 /* UTOneViewController.xib */; };
		8237BAE9175B4C1300616FC7 /* UTThreeViewController.xib in Resources */ = {isa = PBXBuildFile; fileRef = 8237BAE3175B4C1300616FC7 /* UTThreeViewController.xib */; };
		8237BAEA175B4C1300616FC7 /* UTTwoViewController.xib in Resources */ = {isa = PBXBuildFile; fileRef = 8237BAE5175B4C1300616FC7 /* UTTwoViewController.xib */; };
		8237BAED175B633100616FC7 /* UTDragonView.m in Sources */ = {isa = PBXBuildFile; fileRef = 8237BAEC175B633100616FC7 /* UTDragonView.m */; };
		8237BAF1175B7BC000616FC7 /* UTBaseViewController.m in Sources */ = {isa = PBXBuildFile; fileRef = 8237BAF0175B7BC000616FC7 /* UTBaseViewController.m */; };
		8290F7F0175A55AE00C7960A /* UIKit.framework in Frameworks */ = {isa = PBXBuildFile; fileRef = 8290F7EF175A55AE00C7960A /* UIKit.framework */; };
		8290F7F2175A55AE00C7960A /* Foundation.framework in Frameworks */ = {isa = PBXBuildFile; fileRef = 8290F7F1175A55AE00C7960A /* Foundation.framework */; };
		8290F7F4175A55AE00C7960A /* CoreGraphics.framework in Frameworks */ = {isa = PBXBuildFile; fileRef = 8290F7F3175A55AE00C7960A /* CoreGraphics.framework */; };
		8290F83B175A568F00C7960A /* bg1.png in Resources */ = {isa = PBXBuildFile; fileRef = 8290F81E175A568F00C7960A /* bg1.png */; };
		8290F83C175A568F00C7960A /* bg2.png in Resources */ = {isa = PBXBuildFile; fileRef = 8290F81F175A568F00C7960A /* bg2.png */; };
		8290F83D175A568F00C7960A /* bg3.png in Resources */ = {isa = PBXBuildFile; fileRef = 8290F820175A568F00C7960A /* bg3.png */; };
		8290F83E175A568F00C7960A /* bg4.png in Resources */ = {isa = PBXBuildFile; fileRef = 8290F821175A568F00C7960A /* bg4.png */; };
		8290F83F175A568F00C7960A /* bg5.png in Resources */ = {isa = PBXBuildFile; fileRef = 8290F822175A568F00C7960A /* bg5.png */; };
		8290F840175A568F00C7960A /* blueButton.png in Resources */ = {isa = PBXBuildFile; fileRef = 8290F823175A568F00C7960A /* blueButton.png */; };
		8290F841175A568F00C7960A /* Default.png in Resources */ = {isa = PBXBuildFile; fileRef = 8290F824175A568F00C7960A /* Default.png */; };
		8290F842175A568F00C7960A /* dragon.png in Resources */ = {isa = PBXBuildFile; fileRef = 8290F825175A568F00C7960A /* dragon.png */; };
		8290F843175A568F00C7960A /* five.png in Resources */ = {isa = PBXBuildFile; fileRef = 8290F826175A568F00C7960A /* five.png */; };
		8290F844175A568F00C7960A /* five@2x.png in Resources */ = {isa = PBXBuildFile; fileRef = 8290F827175A568F00C7960A /* five@2x.png */; };
		8290F845175A568F00C7960A /* forward.png in Resources */ = {isa = PBXBuildFile; fileRef = 8290F828175A568F00C7960A /* forward.png */; };
		8290F846175A568F00C7960A /* four.png in Resources */ = {isa = PBXBuildFile; fileRef = 8290F829175A568F00C7960A /* four.png */; };
		8290F847175A568F00C7960A /* four@2x.png in Resources */ = {isa = PBXBuildFile; fileRef = 8290F82A175A568F00C7960A /* four@2x.png */; };
		8290F848175A568F00C7960A /* hidden.png in Resources */ = {isa = PBXBuildFile; fileRef = 8290F82B175A568F00C7960A /* hidden.png */; };
		8290F849175A568F00C7960A /* icon.png in Resources */ = {isa = PBXBuildFile; fileRef = 8290F82C175A568F00C7960A /* icon.png */; };
		8290F84A175A568F00C7960A /* one.png in Resources */ = {isa = PBXBuildFile; fileRef = 8290F82D175A568F00C7960A /* one.png */; };
		8290F84B175A568F00C7960A /* one@2x.png in Resources */ = {isa = PBXBuildFile; fileRef = 8290F82E175A568F00C7960A /* one@2x.png */; };
		8290F84C175A568F00C7960A /* retreat.png in Resources */ = {isa = PBXBuildFile; fileRef = 8290F82F175A568F00C7960A /* retreat.png */; };
		8290F84D175A568F00C7960A /* three.png in Resources */ = {isa = PBXBuildFile; fileRef = 8290F830175A568F00C7960A /* three.png */; };
		8290F84E175A568F00C7960A /* three@2x.png in Resources */ = {isa = PBXBuildFile; fileRef = 8290F831175A568F00C7960A /* three@2x.png */; };
		8290F84F175A568F00C7960A /* two.png in Resources */ = {isa = PBXBuildFile; fileRef = 8290F832175A568F00C7960A /* two.png */; };
		8290F850175A568F00C7960A /* two@2x.png in Resources */ = {isa = PBXBuildFile; fileRef = 8290F833175A568F00C7960A /* two@2x.png */; };
		8290F851175A568F00C7960A /* whiteButton.png in Resources */ = {isa = PBXBuildFile; fileRef = 8290F834175A568F00C7960A /* whiteButton.png */; };
		8290F852175A568F00C7960A /* main.m in Sources */ = {isa = PBXBuildFile; fileRef = 8290F837175A568F00C7960A /* main.m */; };
		8290F856175A56C400C7960A /* Default-568h@2x.png in Resources */ = {isa = PBXBuildFile; fileRef = 8290F854175A56C400C7960A /* Default-568h@2x.png */; };
		8290F857175A56C400C7960A /* Default@2x.png in Resources */ = {isa = PBXBuildFile; fileRef = 8290F855175A56C400C7960A /* Default@2x.png */; };
/* End PBXBuildFile section */

/* Begin PBXFileReference section */
		8237BAAB175B42D300616FC7 /* UTAppDelegate.h */ = {isa = PBXFileReference; fileEncoding = 4; lastKnownFileType = sourcecode.c.h; path = UTAppDelegate.h; sourceTree = "<group>"; };
		8237BAAC175B42D300616FC7 /* UTAppDelegate.m */ = {isa = PBXFileReference; fileEncoding = 4; lastKnownFileType = sourcecode.c.objc; path = UTAppDelegate.m; sourceTree = "<group>"; };
		8237BABB175B4ACC00616FC7 /* UTOneViewController.h */ = {isa = PBXFileReference; fileEncoding = 4; lastKnownFileType = sourcecode.c.h; path = UTOneViewController.h; sourceTree = "<group>"; };
		8237BABC175B4ACC00616FC7 /* UTOneViewController.m */ = {isa = PBXFileReference; fileEncoding = 4; lastKnownFileType = sourcecode.c.objc; path = UTOneViewController.m; sourceTree = "<group>"; };
		8237BAC8175B4BB900616FC7 /* UTTwoViewController.h */ = {isa = PBXFileReference; fileEncoding = 4; lastKnownFileType = sourcecode.c.h; path = UTTwoViewController.h; sourceTree = "<group>"; };
		8237BAC9175B4BB900616FC7 /* UTTwoViewController.m */ = {isa = PBXFileReference; fileEncoding = 4; lastKnownFileType = sourcecode.c.objc; path = UTTwoViewController.m; sourceTree = "<group>"; };
		8237BACD175B4BC100616FC7 /* UTThreeViewController.h */ = {isa = PBXFileReference; fileEncoding = 4; lastKnownFileType = sourcecode.c.h; path = UTThreeViewController.h; sourceTree = "<group>"; };
		8237BACE175B4BC100616FC7 /* UTThreeViewController.m */ = {isa = PBXFileReference; fileEncoding = 4; lastKnownFileType = sourcecode.c.objc; path = UTThreeViewController.m; sourceTree = "<group>"; };
		8237BAD2175B4BC700616FC7 /* UTFourViewController.h */ = {isa = PBXFileReference; fileEncoding = 4; lastKnownFileType = sourcecode.c.h; path = UTFourViewController.h; sourceTree = "<group>"; };
		8237BAD3175B4BC700616FC7 /* UTFourViewController.m */ = {isa = PBXFileReference; fileEncoding = 4; lastKnownFileType = sourcecode.c.objc; path = UTFourViewController.m; sourceTree = "<group>"; };
		8237BAD7175B4BCF00616FC7 /* UTFiveViewController.h */ = {isa = PBXFileReference; fileEncoding = 4; lastKnownFileType = sourcecode.c.h; path = UTFiveViewController.h; sourceTree = "<group>"; };
		8237BAD8175B4BCF00616FC7 /* UTFiveViewController.m */ = {isa = PBXFileReference; fileEncoding = 4; lastKnownFileType = sourcecode.c.objc; path = UTFiveViewController.m; sourceTree = "<group>"; };
		8237BADD175B4C1300616FC7 /* UTFiveViewController.xib */ = {isa = PBXFileReference; fileEncoding = 4; lastKnownFileType = file.xib; path = UTFiveViewController.xib; sourceTree = "<group>"; };
		8237BADF175B4C1300616FC7 /* UTFourViewController.xib */ = {isa = PBXFileReference; fileEncoding = 4; lastKnownFileType = file.xib; path = UTFourViewController.xib; sourceTree = "<group>"; };
		8237BAE1175B4C1300616FC7 /* UTOneViewController.xib */ = {isa = PBXFileReference; fileEncoding = 4; lastKnownFileType = file.xib; path = UTOneViewController.xib; sourceTree = "<group>"; };
		8237BAE3175B4C1300616FC7 /* UTThreeViewController.xib */ = {isa = PBXFileReference; fileEncoding = 4; lastKnownFileType = file.xib; path = UTThreeViewController.xib; sourceTree = "<group>"; };
		8237BAE5175B4C1300616FC7 /* UTTwoViewController.xib */ = {isa = PBXFileReference; fileEncoding = 4; lastKnownFileType = file.xib; path = UTTwoViewController.xib; sourceTree = "<group>"; };
		8237BAEB175B633100616FC7 /* UTDragonView.h */ = {isa = PBXFileReference; fileEncoding = 4; lastKnownFileType = sourcecode.c.h; path = UTDragonView.h; sourceTree = "<group>"; };
		8237BAEC175B633100616FC7 /* UTDragonView.m */ = {isa = PBXFileReference; fileEncoding = 4; lastKnownFileType = sourcecode.c.objc; path = UTDragonView.m; sourceTree = "<group>"; };
		8237BAEF175B7BC000616FC7 /* UTBaseViewController.h */ = {isa = PBXFileReference; fileEncoding = 4; lastKnownFileType = sourcecode.c.h; path = UTBaseViewController.h; sourceTree = "<group>"; };
		8237BAF0175B7BC000616FC7 /* UTBaseViewController.m */ = {isa = PBXFileReference; fileEncoding = 4; lastKnownFileType = sourcecode.c.objc; path = UTBaseViewController.m; sourceTree = "<group>"; };
		8290F7EC175A55AE00C7960A /* UTDemo04.app */ = {isa = PBXFileReference; explicitFileType = wrapper.application; includeInIndex = 0; path = UTDemo04.app; sourceTree = BUILT_PRODUCTS_DIR; };
		8290F7EF175A55AE00C7960A /* UIKit.framework */ = {isa = PBXFileReference; lastKnownFileType = wrapper.framework; name = UIKit.framework; path = System/Library/Frameworks/UIKit.framework; sourceTree = SDKROOT; };
		8290F7F1175A55AE00C7960A /* Foundation.framework */ = {isa = PBXFileReference; lastKnownFileType = wrapper.framework; name = Foundation.framework; path = System/Library/Frameworks/Foundation.framework; sourceTree = SDKROOT; };
		8290F7F3175A55AE00C7960A /* CoreGraphics.framework */ = {isa = PBXFileReference; lastKnownFileType = wrapper.framework; name = CoreGraphics.framework; path = System/Library/Frameworks/CoreGraphics.framework; sourceTree = SDKROOT; };
		8290F81E175A568F00C7960A /* bg1.png */ = {isa = PBXFileReference; lastKnownFileType = image.png; path = bg1.png; sourceTree = "<group>"; };
		8290F81F175A568F00C7960A /* bg2.png */ = {isa = PBXFileReference; lastKnownFileType = image.png; path = bg2.png; sourceTree = "<group>"; };
		8290F820175A568F00C7960A /* bg3.png */ = {isa = PBXFileReference; lastKnownFileType = image.png; path = bg3.png; sourceTree = "<group>"; };
		8290F821175A568F00C7960A /* bg4.png */ = {isa = PBXFileReference; lastKnownFileType = image.png; path = bg4.png; sourceTree = "<group>"; };
		8290F822175A568F00C7960A /* bg5.png */ = {isa = PBXFileReference; lastKnownFileType = image.png; path = bg5.png; sourceTree = "<group>"; };
		8290F823175A568F00C7960A /* blueButton.png */ = {isa = PBXFileReference; lastKnownFileType = image.png; path = blueButton.png; sourceTree = "<group>"; };
		8290F824175A568F00C7960A /* Default.png */ = {isa = PBXFileReference; lastKnownFileType = image.png; path = Default.png; sourceTree = "<group>"; };
		8290F825175A568F00C7960A /* dragon.png */ = {isa = PBXFileReference; lastKnownFileType = image.png; path = dragon.png; sourceTree = "<group>"; };
		8290F826175A568F00C7960A /* five.png */ = {isa = PBXFileReference; lastKnownFileType = image.png; path = five.png; sourceTree = "<group>"; };
		8290F827175A568F00C7960A /* five@2x.png */ = {isa = PBXFileReference; lastKnownFileType = image.png; path = "five@2x.png"; sourceTree = "<group>"; };
		8290F828175A568F00C7960A /* forward.png */ = {isa = PBXFileReference; lastKnownFileType = image.png; path = forward.png; sourceTree = "<group>"; };
		8290F829175A568F00C7960A /* four.png */ = {isa = PBXFileReference; lastKnownFileType = image.png; path = four.png; sourceTree = "<group>"; };
		8290F82A175A568F00C7960A /* four@2x.png */ = {isa = PBXFileReference; lastKnownFileType = image.png; path = "four@2x.png"; sourceTree = "<group>"; };
		8290F82B175A568F00C7960A /* hidden.png */ = {isa = PBXFileReference; lastKnownFileType = image.png; path = hidden.png; sourceTree = "<group>"; };
		8290F82C175A568F00C7960A /* icon.png */ = {isa = PBXFileReference; lastKnownFileType = image.png; path = icon.png; sourceTree = "<group>"; };
		8290F82D175A568F00C7960A /* one.png */ = {isa = PBXFileReference; lastKnownFileType = image.png; path = one.png; sourceTree = "<group>"; };
		8290F82E175A568F00C7960A /* one@2x.png */ = {isa = PBXFileReference; lastKnownFileType = image.png; path = "one@2x.png"; sourceTree = "<group>"; };
		8290F82F175A568F00C7960A /* retreat.png */ = {isa = PBXFileReference; lastKnownFileType = image.png; path = retreat.png; sourceTree = "<group>"; };
		8290F830175A568F00C7960A /* three.png */ = {isa = PBXFileReference; lastKnownFileType = image.png; path = three.png; sourceTree = "<group>"; };
		8290F831175A568F00C7960A /* three@2x.png */ = {isa = PBXFileReference; lastKnownFileType = image.png; path = "three@2x.png"; sourceTree = "<group>"; };
		8290F832175A568F00C7960A /* two.png */ = {isa = PBXFileReference; lastKnownFileType = image.png; path = two.png; sourceTree = "<group>"; };
		8290F833175A568F00C7960A /* two@2x.png */ = {isa = PBXFileReference; lastKnownFileType = image.png; path = "two@2x.png"; sourceTree = "<group>"; };
		8290F834175A568F00C7960A /* whiteButton.png */ = {isa = PBXFileReference; lastKnownFileType = image.png; path = whiteButton.png; sourceTree = "<group>"; };
		8290F837175A568F00C7960A /* main.m */ = {isa = PBXFileReference; fileEncoding = 4; lastKnownFileType = sourcecode.c.objc; path = main.m; sourceTree = "<group>"; };
		8290F838175A568F00C7960A /* UTDemo04-Info.plist */ = {isa = PBXFileReference; fileEncoding = 4; lastKnownFileType = text.plist.xml; path = "UTDemo04-Info.plist"; sourceTree = "<group>"; };
		8290F839175A568F00C7960A /* UTDemo04-Prefix.pch */ = {isa = PBXFileReference; fileEncoding = 4; lastKnownFileType = sourcecode.c.h; path = "UTDemo04-Prefix.pch"; sourceTree = "<group>"; };
		8290F854175A56C400C7960A /* Default-568h@2x.png */ = {isa = PBXFileReference; lastKnownFileType = image.png; path = "Default-568h@2x.png"; sourceTree = "<group>"; };
		8290F855175A56C400C7960A /* Default@2x.png */ = {isa = PBXFileReference; lastKnownFileType = image.png; path = "Default@2x.png"; sourceTree = "<group>"; };
/* End PBXFileReference section */

/* Begin PBXFrameworksBuildPhase section */
		8290F7E9175A55AE00C7960A /* Frameworks */ = {
			isa = PBXFrameworksBuildPhase;
			buildActionMask = 2147483647;
			files = (
				8290F7F0175A55AE00C7960A /* UIKit.framework in Frameworks */,
				8290F7F2175A55AE00C7960A /* Foundation.framework in Frameworks */,
				8290F7F4175A55AE00C7960A /* CoreGraphics.framework in Frameworks */,
			);
			runOnlyForDeploymentPostprocessing = 0;
		};
/* End PBXFrameworksBuildPhase section */

/* Begin PBXGroup section */
		8237BAAA175B42D300616FC7 /* AppDelegate */ = {
			isa = PBXGroup;
			children = (
				8237BAAB175B42D300616FC7 /* UTAppDelegate.h */,
				8237BAAC175B42D300616FC7 /* UTAppDelegate.m */,
			);
			path = AppDelegate;
			sourceTree = "<group>";
		};
		8237BAAD175B42D300616FC7 /* Components */ = {
			isa = PBXGroup;
			children = (
			);
			path = Components;
			sourceTree = "<group>";
		};
		8237BAAE175B42D300616FC7 /* Controllers */ = {
			isa = PBXGroup;
			children = (
				8237BAEE175B7B9B00616FC7 /* Base */,
				8237BAB6175B49BB00616FC7 /* Five */,
				8237BAB7175B49BB00616FC7 /* Four */,
				8237BAB8175B49BB00616FC7 /* One */,
				8237BAB9175B49BB00616FC7 /* Three */,
				8237BABA175B49BB00616FC7 /* Two */,
			);
			path = Controllers;
			sourceTree = "<group>";
		};
		8237BAAF175B42D300616FC7 /* Globals */ = {
			isa = PBXGroup;
			children = (
			);
			path = Globals;
			sourceTree = "<group>";
		};
		8237BAB0175B42D300616FC7 /* Models */ = {
			isa = PBXGroup;
			children = (
			);
			path = Models;
			sourceTree = "<group>";
		};
		8237BAB1175B42D300616FC7 /* Parsers */ = {
			isa = PBXGroup;
			children = (
			);
			path = Parsers;
			sourceTree = "<group>";
		};
		8237BAB2175B42D300616FC7 /* Publics */ = {
			isa = PBXGroup;
			children = (
			);
			path = Publics;
			sourceTree = "<group>";
		};
		8237BAB3175B42D300616FC7 /* Requests */ = {
			isa = PBXGroup;
			children = (
			);
			path = Requests;
			sourceTree = "<group>";
		};
		8237BAB4175B42D300616FC7 /* Utils */ = {
			isa = PBXGroup;
			children = (
			);
			path = Utils;
			sourceTree = "<group>";
		};
		8237BAB6175B49BB00616FC7 /* Five */ = {
			isa = PBXGroup;
			children = (
				8237BAD7175B4BCF00616FC7 /* UTFiveViewController.h */,
				8237BAD8175B4BCF00616FC7 /* UTFiveViewController.m */,
			);
			path = Five;
			sourceTree = "<group>";
		};
		8237BAB7175B49BB00616FC7 /* Four */ = {
			isa = PBXGroup;
			children = (
				8237BAD2175B4BC700616FC7 /* UTFourViewController.h */,
				8237BAD3175B4BC700616FC7 /* UTFourViewController.m */,
			);
			path = Four;
			sourceTree = "<group>";
		};
		8237BAB8175B49BB00616FC7 /* One */ = {
			isa = PBXGroup;
			children = (
				8237BABB175B4ACC00616FC7 /* UTOneViewController.h */,
				8237BABC175B4ACC00616FC7 /* UTOneViewController.m */,
				8237BAEB175B633100616FC7 /* UTDragonView.h */,
				8237BAEC175B633100616FC7 /* UTDragonView.m */,
			);
			path = One;
			sourceTree = "<group>";
		};
		8237BAB9175B49BB00616FC7 /* Three */ = {
			isa = PBXGroup;
			children = (
				8237BACD175B4BC100616FC7 /* UTThreeViewController.h */,
				8237BACE175B4BC100616FC7 /* UTThreeViewController.m */,
			);
			path = Three;
			sourceTree = "<group>";
		};
		8237BABA175B49BB00616FC7 /* Two */ = {
			isa = PBXGroup;
			children = (
				8237BAC8175B4BB900616FC7 /* UTTwoViewController.h */,
				8237BAC9175B4BB900616FC7 /* UTTwoViewController.m */,
			);
			path = Two;
			sourceTree = "<group>";
		};
		8237BAC0175B4B5800616FC7 /* XIBs */ = {
			isa = PBXGroup;
			children = (
				8237BADC175B4C1300616FC7 /* Five */,
				8237BADE175B4C1300616FC7 /* Four */,
				8237BAE0175B4C1300616FC7 /* One */,
				8237BAE2175B4C1300616FC7 /* Three */,
				8237BAE4175B4C1300616FC7 /* Two */,
			);
			path = XIBs;
			sourceTree = "<group>";
		};
		8237BADC175B4C1300616FC7 /* Five */ = {
			isa = PBXGroup;
			children = (
				8237BADD175B4C1300616FC7 /* UTFiveViewController.xib */,
			);
			path = Five;
			sourceTree = "<group>";
		};
		8237BADE175B4C1300616FC7 /* Four */ = {
			isa = PBXGroup;
			children = (
				8237BADF175B4C1300616FC7 /* UTFourViewController.xib */,
			);
			path = Four;
			sourceTree = "<group>";
		};
		8237BAE0175B4C1300616FC7 /* One */ = {
			isa = PBXGroup;
			children = (
				8237BAE1175B4C1300616FC7 /* UTOneViewController.xib */,
			);
			path = One;
			sourceTree = "<group>";
		};
		8237BAE2175B4C1300616FC7 /* Three */ = {
			isa = PBXGroup;
			children = (
				8237BAE3175B4C1300616FC7 /* UTThreeViewController.xib */,
			);
			path = Three;
			sourceTree = "<group>";
		};
		8237BAE4175B4C1300616FC7 /* Two */ = {
			isa = PBXGroup;
			children = (
				8237BAE5175B4C1300616FC7 /* UTTwoViewController.xib */,
			);
			path = Two;
			sourceTree = "<group>";
		};
		8237BAEE175B7B9B00616FC7 /* Base */ = {
			isa = PBXGroup;
			children = (
				8237BAEF175B7BC000616FC7 /* UTBaseViewController.h */,
				8237BAF0175B7BC000616FC7 /* UTBaseViewController.m */,
			);
			path = Base;
			sourceTree = "<group>";
		};
		8290F7E3175A55AE00C7960A = {
			isa = PBXGroup;
			children = (
				8290F7F5175A55AE00C7960A /* UTDemo04 */,
				8290F7EE175A55AE00C7960A /* Frameworks */,
				8290F7ED175A55AE00C7960A /* Products */,
			);
			sourceTree = "<group>";
		};
		8290F7ED175A55AE00C7960A /* Products */ = {
			isa = PBXGroup;
			children = (
				8290F7EC175A55AE00C7960A /* UTDemo04.app */,
			);
			name = Products;
			sourceTree = "<group>";
		};
		8290F7EE175A55AE00C7960A /* Frameworks */ = {
			isa = PBXGroup;
			children = (
				8290F7EF175A55AE00C7960A /* UIKit.framework */,
				8290F7F1175A55AE00C7960A /* Foundation.framework */,
				8290F7F3175A55AE00C7960A /* CoreGraphics.framework */,
			);
			name = Frameworks;
			sourceTree = "<group>";
		};
		8290F7F5175A55AE00C7960A /* UTDemo04 */ = {
			isa = PBXGroup;
			children = (
				8290F819175A568F00C7960A /* Classes */,
				8290F81C175A568F00C7960A /* Resouces */,
				8290F836175A568F00C7960A /* Supporting Files */,
			);
			path = UTDemo04;
			sourceTree = "<group>";
		};
		8290F819175A568F00C7960A /* Classes */ = {
			isa = PBXGroup;
			children = (
				8237BAAA175B42D300616FC7 /* AppDelegate */,
				8237BAAD175B42D300616FC7 /* Components */,
				8237BAAE175B42D300616FC7 /* Controllers */,
				8237BAAF175B42D300616FC7 /* Globals */,
				8237BAB0175B42D300616FC7 /* Models */,
				8237BAB1175B42D300616FC7 /* Parsers */,
				8237BAB2175B42D300616FC7 /* Publics */,
				8237BAB3175B42D300616FC7 /* Requests */,
				8237BAB4175B42D300616FC7 /* Utils */,
			);
			path = Classes;
			sourceTree = "<group>";
		};
		8290F81C175A568F00C7960A /* Resouces */ = {
			isa = PBXGroup;
			children = (
				8290F81D175A568F00C7960A /* images */,
				8237BAC0175B4B5800616FC7 /* XIBs */,
			);
			path = Resouces;
			sourceTree = "<group>";
		};
		8290F81D175A568F00C7960A /* images */ = {
			isa = PBXGroup;
			children = (
				8290F854175A56C400C7960A /* Default-568h@2x.png */,
				8290F855175A56C400C7960A /* Default@2x.png */,
				8290F81E175A568F00C7960A /* bg1.png */,
				8290F81F175A568F00C7960A /* bg2.png */,
				8290F820175A568F00C7960A /* bg3.png */,
				8290F821175A568F00C7960A /* bg4.png */,
				8290F822175A568F00C7960A /* bg5.png */,
				8290F823175A568F00C7960A /* blueButton.png */,
				8290F824175A568F00C7960A /* Default.png */,
				8290F825175A568F00C7960A /* dragon.png */,
				8290F826175A568F00C7960A /* five.png */,
				8290F827175A568F00C7960A /* five@2x.png */,
				8290F828175A568F00C7960A /* forward.png */,
				8290F829175A568F00C7960A /* four.png */,
				8290F82A175A568F00C7960A /* four@2x.png */,
				8290F82B175A568F00C7960A /* hidden.png */,
				8290F82C175A568F00C7960A /* icon.png */,
				8290F82D175A568F00C7960A /* one.png */,
				8290F82E175A568F00C7960A /* one@2x.png */,
				8290F82F175A568F00C7960A /* retreat.png */,
				8290F830175A568F00C7960A /* three.png */,
				8290F831175A568F00C7960A /* three@2x.png */,
				8290F832175A568F00C7960A /* two.png */,
				8290F833175A568F00C7960A /* two@2x.png */,
				8290F834175A568F00C7960A /* whiteButton.png */,
			);
			path = images;
			sourceTree = "<group>";
		};
		8290F836175A568F00C7960A /* Supporting Files */ = {
			isa = PBXGroup;
			children = (
				8290F837175A568F00C7960A /* main.m */,
				8290F838175A568F00C7960A /* UTDemo04-Info.plist */,
				8290F839175A568F00C7960A /* UTDemo04-Prefix.pch */,
			);
			path = "Supporting Files";
			sourceTree = "<group>";
		};
/* End PBXGroup section */

/* Begin PBXNativeTarget section */
		8290F7EB175A55AE00C7960A /* UTDemo04 */ = {
			isa = PBXNativeTarget;
			buildConfigurationList = 8290F809175A55AE00C7960A /* Build configuration list for PBXNativeTarget "UTDemo04" */;
			buildPhases = (
				8290F7E8175A55AE00C7960A /* Sources */,
				8290F7E9175A55AE00C7960A /* Frameworks */,
				8290F7EA175A55AE00C7960A /* Resources */,
			);
			buildRules = (
			);
			dependencies = (
			);
			name = UTDemo04;
			productName = UTDemo04;
			productReference = 8290F7EC175A55AE00C7960A /* UTDemo04.app */;
			productType = "com.apple.product-type.application";
		};
/* End PBXNativeTarget section */

/* Begin PBXProject section */
		8290F7E4175A55AE00C7960A /* Project object */ = {
			isa = PBXProject;
			attributes = {
				CLASSPREFIX = UT;
				LastUpgradeCheck = 0460;
				ORGANIZATIONNAME = "Hivan Du";
			};
			buildConfigurationList = 8290F7E7175A55AE00C7960A /* Build configuration list for PBXProject "UTDemo04" */;
			compatibilityVersion = "Xcode 3.2";
			developmentRegion = English;
			hasScannedForEncodings = 0;
			knownRegions = (
				en,
			);
			mainGroup = 8290F7E3175A55AE00C7960A;
			productRefGroup = 8290F7ED175A55AE00C7960A /* Products */;
			projectDirPath = "";
			projectRoot = "";
			targets = (
				8290F7EB175A55AE00C7960A /* UTDemo04 */,
			);
		};
/* End PBXProject section */

/* Begin PBXResourcesBuildPhase section */
		8290F7EA175A55AE00C7960A /* Resources */ = {
			isa = PBXResourcesBuildPhase;
			buildActionMask = 2147483647;
			files = (
				8290F83B175A568F00C7960A /* bg1.png in Resources */,
				8290F83C175A568F00C7960A /* bg2.png in Resources */,
				8290F83D175A568F00C7960A /* bg3.png in Resources */,
				8290F83E175A568F00C7960A /* bg4.png in Resources */,
				8290F83F175A568F00C7960A /* bg5.png in Resources */,
				8290F840175A568F00C7960A /* blueButton.png in Resources */,
				8290F841175A568F00C7960A /* Default.png in Resources */,
				8290F842175A568F00C7960A /* dragon.png in Resources */,
				8290F843175A568F00C7960A /* five.png in Resources */,
				8290F844175A568F00C7960A /* five@2x.png in Resources */,
				8290F845175A568F00C7960A /* forward.png in Resources */,
				8290F846175A568F00C7960A /* four.png in Resources */,
				8290F847175A568F00C7960A /* four@2x.png in Resources */,
				8290F848175A568F00C7960A /* hidden.png in Resources */,
				8290F849175A568F00C7960A /* icon.png in Resources */,
				8290F84A175A568F00C7960A /* one.png in Resources */,
				8290F84B175A568F00C7960A /* one@2x.png in Resources */,
				8290F84C175A568F00C7960A /* retreat.png in Resources */,
				8290F84D175A568F00C7960A /* three.png in Resources */,
				8290F84E175A568F00C7960A /* three@2x.png in Resources */,
				8290F84F175A568F00C7960A /* two.png in Resources */,
				8290F850175A568F00C7960A /* two@2x.png in Resources */,
				8290F851175A568F00C7960A /* whiteButton.png in Resources */,
				8290F856175A56C400C7960A /* Default-568h@2x.png in Resources */,
				8290F857175A56C400C7960A /* Default@2x.png in Resources */,
				8237BAE6175B4C1300616FC7 /* UTFiveViewController.xib in Resources */,
				8237BAE7175B4C1300616FC7 /* UTFourViewController.xib in Resources */,
				8237BAE8175B4C1300616FC7 /* UTOneViewController.xib in Resources */,
				8237BAE9175B4C1300616FC7 /* UTThreeViewController.xib in Resources */,
				8237BAEA175B4C1300616FC7 /* UTTwoViewController.xib in Resources */,
			);
			runOnlyForDeploymentPostprocessing = 0;
		};
/* End PBXResourcesBuildPhase section */

/* Begin PBXSourcesBuildPhase section */
		8290F7E8175A55AE00C7960A /* Sources */ = {
			isa = PBXSourcesBuildPhase;
			buildActionMask = 2147483647;
			files = (
				8290F852175A568F00C7960A /* main.m in Sources */,
				8237BAB5175B42D300616FC7 /* UTAppDelegate.m in Sources */,
				8237BABE175B4ACC00616FC7 /* UTOneViewController.m in Sources */,
				8237BACB175B4BB900616FC7 /* UTTwoViewController.m in Sources */,
				8237BAD0175B4BC100616FC7 /* UTThreeViewController.m in Sources */,
				8237BAD5175B4BC700616FC7 /* UTFourViewController.m in Sources */,
				8237BADA175B4BCF00616FC7 /* UTFiveViewController.m in Sources */,
				8237BAED175B633100616FC7 /* UTDragonView.m in Sources */,
				8237BAF1175B7BC000616FC7 /* UTBaseViewController.m in Sources */,
			);
			runOnlyForDeploymentPostprocessing = 0;
		};
/* End PBXSourcesBuildPhase section */

/* Begin XCBuildConfiguration section */
		8290F807175A55AE00C7960A /* Debug */ = {
			isa = XCBuildConfiguration;
			buildSettings = {
				ALWAYS_SEARCH_USER_PATHS = NO;
				CLANG_CXX_LANGUAGE_STANDARD = "gnu++0x";
				CLANG_CXX_LIBRARY = "libc++";
				CLANG_WARN_CONSTANT_CONVERSION = YES;
				CLANG_WARN_EMPTY_BODY = YES;
				CLANG_WARN_ENUM_CONVERSION = YES;
				CLANG_WARN_INT_CONVERSION = YES;
				CLANG_WARN__DUPLICATE_METHOD_MATCH = YES;
				"CODE_SIGN_IDENTITY[sdk=iphoneos*]" = "iPhone Developer";
				COPY_PHASE_STRIP = NO;
				GCC_C_LANGUAGE_STANDARD = gnu99;
				GCC_DYNAMIC_NO_PIC = NO;
				GCC_OPTIMIZATION_LEVEL = 0;
				GCC_PREPROCESSOR_DEFINITIONS = (
					"DEBUG=1",
					"$(inherited)",
				);
				GCC_SYMBOLS_PRIVATE_EXTERN = NO;
				GCC_WARN_ABOUT_RETURN_TYPE = YES;
				GCC_WARN_UNINITIALIZED_AUTOS = YES;
				GCC_WARN_UNUSED_VARIABLE = YES;
				IPHONEOS_DEPLOYMENT_TARGET = 6.1;
				ONLY_ACTIVE_ARCH = YES;
				SDKROOT = iphoneos;
			};
			name = Debug;
		};
		8290F808175A55AE00C7960A /* Release */ = {
			isa = XCBuildConfiguration;
			buildSettings = {
				ALWAYS_SEARCH_USER_PATHS = NO;
				CLANG_CXX_LANGUAGE_STANDARD = "gnu++0x";
				CLANG_CXX_LIBRARY = "libc++";
				CLANG_WARN_CONSTANT_CONVERSION = YES;
				CLANG_WARN_EMPTY_BODY = YES;
				CLANG_WARN_ENUM_CONVERSION = YES;
				CLANG_WARN_INT_CONVERSION = YES;
				CLANG_WARN__DUPLICATE_METHOD_MATCH = YES;
				"CODE_SIGN_IDENTITY[sdk=iphoneos*]" = "iPhone Developer";
				COPY_PHASE_STRIP = YES;
				GCC_C_LANGUAGE_STANDARD = gnu99;
				GCC_WARN_ABOUT_RETURN_TYPE = YES;
				GCC_WARN_UNINITIALIZED_AUTOS = YES;
				GCC_WARN_UNUSED_VARIABLE = YES;
				IPHONEOS_DEPLOYMENT_TARGET = 6.1;
				OTHER_CFLAGS = "-DNS_BLOCK_ASSERTIONS=1";
				SDKROOT = iphoneos;
				VALIDATE_PRODUCT = YES;
			};
			name = Release;
		};
		8290F80A175A55AE00C7960A /* Debug */ = {
			isa = XCBuildConfiguration;
			buildSettings = {
				GCC_PRECOMPILE_PREFIX_HEADER = YES;
				GCC_PREFIX_HEADER = "UTDemo04/Supporting Files/UTDemo04-Prefix.pch";
				INFOPLIST_FILE = "UTDemo04/Supporting Files/UTDemo04-Info.plist";
				IPHONEOS_DEPLOYMENT_TARGET = 4.3;
				PRODUCT_NAME = "$(TARGET_NAME)";
				WRAPPER_EXTENSION = app;
			};
			name = Debug;
		};
		8290F80B175A55AE00C7960A /* Release */ = {
			isa = XCBuildConfiguration;
			buildSettings = {
				GCC_PRECOMPILE_PREFIX_HEADER = YES;
				GCC_PREFIX_HEADER = "UTDemo04/Supporting Files/UTDemo04-Prefix.pch";
				INFOPLIST_FILE = "UTDemo04/Supporting Files/UTDemo04-Info.plist";
				IPHONEOS_DEPLOYMENT_TARGET = 4.3;
				PRODUCT_NAME = "$(TARGET_NAME)";
				WRAPPER_EXTENSION = app;
			};
			name = Release;
		};
/* End XCBuildConfiguration section */

/* Begin XCConfigurationList section */
		8290F7E7175A55AE00C7960A /* Build configuration list for PBXProject "UTDemo04" */ = {
			isa = XCConfigurationList;
			buildConfigurations = (
				8290F807175A55AE00C7960A /* Debug */,
				8290F808175A55AE00C7960A /* Release */,
			);
			defaultConfigurationIsVisible = 0;
			defaultConfigurationName = Release;
		};
		8290F809175A55AE00C7960A /* Build configuration list for PBXNativeTarget "UTDemo04" */ = {
			isa = XCConfigurationList;
			buildConfigurations = (
				8290F80A175A55AE00C7960A /* Debug */,
				8290F80B175A55AE00C7960A /* Release */,
			);
			defaultConfigurationIsVisible = 0;
			defaultConfigurationName = Release;
		};
/* End XCConfigurationList section */
	};
	rootObject = 8290F7E4175A55AE00C7960A /* Project object */;
}
