// !$*UTF8*$!
{
	archiveVersion = 1;
	classes = {
	};
	objectVersion = 46;
	objects = {

/* Begin PBXBuildFile section */
		82BCF3A11788F7B8000D311C /* Default-568h@2x.png in Resources */ = {isa = PBXBuildFile; fileRef = 82BCF3A01788F7B8000D311C /* Default-568h@2x.png */; };
		82ED653B1780036F00A4D2C8 /* UIKit.framework in Frameworks */ = {isa = PBXBuildFile; fileRef = 82ED653A1780036F00A4D2C8 /* UIKit.framework */; };
		82ED653D1780036F00A4D2C8 /* Foundation.framework in Frameworks */ = {isa = PBXBuildFile; fileRef = 82ED653C1780036F00A4D2C8 /* Foundation.framework */; };
		82ED653F1780036F00A4D2C8 /* CoreGraphics.framework in Frameworks */ = {isa = PBXBuildFile; fileRef = 82ED653E1780036F00A4D2C8 /* CoreGraphics.framework */; };
		82ED656B178003B100A4D2C8 /* UTAppDelegate.m in Sources */ = {isa = PBXBuildFile; fileRef = 82ED655A178003B100A4D2C8 /* UTAppDelegate.m */; };
		82ED656C178003B100A4D2C8 /* main.m in Sources */ = {isa = PBXBuildFile; fileRef = 82ED6568178003B100A4D2C8 /* main.m */; };
		82ED6570178003F700A4D2C8 /* UTMainViewController.m in Sources */ = {isa = PBXBuildFile; fileRef = 82ED656F178003F700A4D2C8 /* UTMainViewController.m */; };
/* End PBXBuildFile section */

/* Begin PBXFileReference section */
		82BCF3A01788F7B8000D311C /* Default-568h@2x.png */ = {isa = PBXFileReference; lastKnownFileType = image.png; path = "Default-568h@2x.png"; sourceTree = "<group>"; };
		82ED65371780036F00A4D2C8 /* UTDemo08_2.app */ = {isa = PBXFileReference; explicitFileType = wrapper.application; includeInIndex = 0; path = UTDemo08_2.app; sourceTree = BUILT_PRODUCTS_DIR; };
		82ED653A1780036F00A4D2C8 /* UIKit.framework */ = {isa = PBXFileReference; lastKnownFileType = wrapper.framework; name = UIKit.framework; path = System/Library/Frameworks/UIKit.framework; sourceTree = SDKROOT; };
		82ED653C1780036F00A4D2C8 /* Foundation.framework */ = {isa = PBXFileReference; lastKnownFileType = wrapper.framework; name = Foundation.framework; path = System/Library/Frameworks/Foundation.framework; sourceTree = SDKROOT; };
		82ED653E1780036F00A4D2C8 /* CoreGraphics.framework */ = {isa = PBXFileReference; lastKnownFileType = wrapper.framework; name = CoreGraphics.framework; path = System/Library/Frameworks/CoreGraphics.framework; sourceTree = SDKROOT; };
		82ED6559178003B100A4D2C8 /* UTAppDelegate.h */ = {isa = PBXFileReference; fileEncoding = 4; lastKnownFileType = sourcecode.c.h; path = UTAppDelegate.h; sourceTree = "<group>"; };
		82ED655A178003B100A4D2C8 /* UTAppDelegate.m */ = {isa = PBXFileReference; fileEncoding = 4; lastKnownFileType = sourcecode.c.objc; path = UTAppDelegate.m; sourceTree = "<group>"; };
		82ED6568178003B100A4D2C8 /* main.m */ = {isa = PBXFileReference; fileEncoding = 4; lastKnownFileType = sourcecode.c.objc; path = main.m; sourceTree = "<group>"; };
		82ED6569178003B100A4D2C8 /* UTDemo08_2-Info.plist */ = {isa = PBXFileReference; fileEncoding = 4; lastKnownFileType = text.plist.xml; path = "UTDemo08_2-Info.plist"; sourceTree = "<group>"; };
		82ED656A178003B100A4D2C8 /* UTDemo08_2-Prefix.pch */ = {isa = PBXFileReference; fileEncoding = 4; lastKnownFileType = sourcecode.c.h; path = "UTDemo08_2-Prefix.pch"; sourceTree = "<group>"; };
		82ED656E178003F700A4D2C8 /* UTMainViewController.h */ = {isa = PBXFileReference; fileEncoding = 4; lastKnownFileType = sourcecode.c.h; path = UTMainViewController.h; sourceTree = "<group>"; };
		82ED656F178003F700A4D2C8 /* UTMainViewController.m */ = {isa = PBXFileReference; fileEncoding = 4; lastKnownFileType = sourcecode.c.objc; path = UTMainViewController.m; sourceTree = "<group>"; };
/* End PBXFileReference section */

/* Begin PBXFrameworksBuildPhase section */
		82ED65341780036F00A4D2C8 /* Frameworks */ = {
			isa = PBXFrameworksBuildPhase;
			buildActionMask = 2147483647;
			files = (
				82ED653B1780036F00A4D2C8 /* UIKit.framework in Frameworks */,
				82ED653D1780036F00A4D2C8 /* Foundation.framework in Frameworks */,
				82ED653F1780036F00A4D2C8 /* CoreGraphics.framework in Frameworks */,
			);
			runOnlyForDeploymentPostprocessing = 0;
		};
/* End PBXFrameworksBuildPhase section */

/* Begin PBXGroup section */
		82ED652E1780036F00A4D2C8 = {
			isa = PBXGroup;
			children = (
				82BCF3A01788F7B8000D311C /* Default-568h@2x.png */,
				82ED65401780037000A4D2C8 /* UTDemo08_2 */,
				82ED65391780036F00A4D2C8 /* Frameworks */,
				82ED65381780036F00A4D2C8 /* Products */,
			);
			sourceTree = "<group>";
		};
		82ED65381780036F00A4D2C8 /* Products */ = {
			isa = PBXGroup;
			children = (
				82ED65371780036F00A4D2C8 /* UTDemo08_2.app */,
			);
			name = Products;
			sourceTree = "<group>";
		};
		82ED65391780036F00A4D2C8 /* Frameworks */ = {
			isa = PBXGroup;
			children = (
				82ED653A1780036F00A4D2C8 /* UIKit.framework */,
				82ED653C1780036F00A4D2C8 /* Foundation.framework */,
				82ED653E1780036F00A4D2C8 /* CoreGraphics.framework */,
			);
			name = Frameworks;
			sourceTree = "<group>";
		};
		82ED65401780037000A4D2C8 /* UTDemo08_2 */ = {
			isa = PBXGroup;
			children = (
				82ED6557178003B100A4D2C8 /* Classes */,
				82ED6564178003B100A4D2C8 /* Resources */,
				82ED6567178003B100A4D2C8 /* Supporting Files */,
			);
			path = UTDemo08_2;
			sourceTree = "<group>";
		};
		82ED6557178003B100A4D2C8 /* Classes */ = {
			isa = PBXGroup;
			children = (
				82ED6558178003B100A4D2C8 /* AppDelegate */,
				82ED655B178003B100A4D2C8 /* Components */,
				82ED655C178003B100A4D2C8 /* Controllers */,
				82ED655E178003B100A4D2C8 /* Globals */,
				82ED655F178003B100A4D2C8 /* Models */,
				82ED6560178003B100A4D2C8 /* Parsers */,
				82ED6561178003B100A4D2C8 /* Publics */,
				82ED6562178003B100A4D2C8 /* Requests */,
				82ED6563178003B100A4D2C8 /* Utils */,
			);
			path = Classes;
			sourceTree = "<group>";
		};
		82ED6558178003B100A4D2C8 /* AppDelegate */ = {
			isa = PBXGroup;
			children = (
				82ED6559178003B100A4D2C8 /* UTAppDelegate.h */,
				82ED655A178003B100A4D2C8 /* UTAppDelegate.m */,
			);
			path = AppDelegate;
			sourceTree = "<group>";
		};
		82ED655B178003B100A4D2C8 /* Components */ = {
			isa = PBXGroup;
			children = (
			);
			path = Components;
			sourceTree = "<group>";
		};
		82ED655C178003B100A4D2C8 /* Controllers */ = {
			isa = PBXGroup;
			children = (
				82ED655D178003B100A4D2C8 /* Base */,
				82ED656E178003F700A4D2C8 /* UTMainViewController.h */,
				82ED656F178003F700A4D2C8 /* UTMainViewController.m */,
			);
			path = Controllers;
			sourceTree = "<group>";
		};
		82ED655D178003B100A4D2C8 /* Base */ = {
			isa = PBXGroup;
			children = (
			);
			path = Base;
			sourceTree = "<group>";
		};
		82ED655E178003B100A4D2C8 /* Globals */ = {
			isa = PBXGroup;
			children = (
			);
			path = Globals;
			sourceTree = "<group>";
		};
		82ED655F178003B100A4D2C8 /* Models */ = {
			isa = PBXGroup;
			children = (
			);
			path = Models;
			sourceTree = "<group>";
		};
		82ED6560178003B100A4D2C8 /* Parsers */ = {
			isa = PBXGroup;
			children = (
			);
			path = Parsers;
			sourceTree = "<group>";
		};
		82ED6561178003B100A4D2C8 /* Publics */ = {
			isa = PBXGroup;
			children = (
			);
			path = Publics;
			sourceTree = "<group>";
		};
		82ED6562178003B100A4D2C8 /* Requests */ = {
			isa = PBXGroup;
			children = (
			);
			path = Requests;
			sourceTree = "<group>";
		};
		82ED6563178003B100A4D2C8 /* Utils */ = {
			isa = PBXGroup;
			children = (
			);
			path = Utils;
			sourceTree = "<group>";
		};
		82ED6564178003B100A4D2C8 /* Resources */ = {
			isa = PBXGroup;
			children = (
				82ED6565178003B100A4D2C8 /* Images */,
				82ED6566178003B100A4D2C8 /* XIBs */,
			);
			path = Resources;
			sourceTree = "<group>";
		};
		82ED6565178003B100A4D2C8 /* Images */ = {
			isa = PBXGroup;
			children = (
			);
			path = Images;
			sourceTree = "<group>";
		};
		82ED6566178003B100A4D2C8 /* XIBs */ = {
			isa = PBXGroup;
			children = (
			);
			path = XIBs;
			sourceTree = "<group>";
		};
		82ED6567178003B100A4D2C8 /* Supporting Files */ = {
			isa = PBXGroup;
			children = (
				82ED6568178003B100A4D2C8 /* main.m */,
				82ED6569178003B100A4D2C8 /* UTDemo08_2-Info.plist */,
				82ED656A178003B100A4D2C8 /* UTDemo08_2-Prefix.pch */,
			);
			path = "Supporting Files";
			sourceTree = "<group>";
		};
/* End PBXGroup section */

/* Begin PBXNativeTarget section */
		82ED65361780036F00A4D2C8 /* UTDemo08_2 */ = {
			isa = PBXNativeTarget;
			buildConfigurationList = 82ED65541780037000A4D2C8 /* Build configuration list for PBXNativeTarget "UTDemo08_2" */;
			buildPhases = (
				82ED65331780036F00A4D2C8 /* Sources */,
				82ED65341780036F00A4D2C8 /* Frameworks */,
				82ED65351780036F00A4D2C8 /* Resources */,
			);
			buildRules = (
			);
			dependencies = (
			);
			name = UTDemo08_2;
			productName = UTDemo08_2;
			productReference = 82ED65371780036F00A4D2C8 /* UTDemo08_2.app */;
			productType = "com.apple.product-type.application";
		};
/* End PBXNativeTarget section */

/* Begin PBXProject section */
		82ED652F1780036F00A4D2C8 /* Project object */ = {
			isa = PBXProject;
			attributes = {
				CLASSPREFIX = UT;
				LastUpgradeCheck = 0460;
				ORGANIZATIONNAME = "Hivan Du";
			};
			buildConfigurationList = 82ED65321780036F00A4D2C8 /* Build configuration list for PBXProject "UTDemo08_2" */;
			compatibilityVersion = "Xcode 3.2";
			developmentRegion = English;
			hasScannedForEncodings = 0;
			knownRegions = (
				en,
			);
			mainGroup = 82ED652E1780036F00A4D2C8;
			productRefGroup = 82ED65381780036F00A4D2C8 /* Products */;
			projectDirPath = "";
			projectRoot = "";
			targets = (
				82ED65361780036F00A4D2C8 /* UTDemo08_2 */,
			);
		};
/* End PBXProject section */

/* Begin PBXResourcesBuildPhase section */
		82ED65351780036F00A4D2C8 /* Resources */ = {
			isa = PBXResourcesBuildPhase;
			buildActionMask = 2147483647;
			files = (
				82BCF3A11788F7B8000D311C /* Default-568h@2x.png in Resources */,
			);
			runOnlyForDeploymentPostprocessing = 0;
		};
/* End PBXResourcesBuildPhase section */

/* Begin PBXSourcesBuildPhase section */
		82ED65331780036F00A4D2C8 /* Sources */ = {
			isa = PBXSourcesBuildPhase;
			buildActionMask = 2147483647;
			files = (
				82ED656B178003B100A4D2C8 /* UTAppDelegate.m in Sources */,
				82ED656C178003B100A4D2C8 /* main.m in Sources */,
				82ED6570178003F700A4D2C8 /* UTMainViewController.m in Sources */,
			);
			runOnlyForDeploymentPostprocessing = 0;
		};
/* End PBXSourcesBuildPhase section */

/* Begin XCBuildConfiguration section */
		82ED65521780037000A4D2C8 /* Debug */ = {
			isa = XCBuildConfiguration;
			buildSettings = {
				ALWAYS_SEARCH_USER_PATHS = NO;
				CLANG_CXX_LANGUAGE_STANDARD = "gnu++0x";
				CLANG_CXX_LIBRARY = "libc++";
				CLANG_WARN_CONSTANT_CONVERSION = YES;
				CLANG_WARN_EMPTY_BODY = YES;
				CLANG_WARN_ENUM_CONVERSION = YES;
				CLANG_WARN_INT_CONVERSION = YES;
				CLANG_WARN__DUPLICATE_METHOD_MATCH = YES;
				"CODE_SIGN_IDENTITY[sdk=iphoneos*]" = "iPhone Developer";
				COPY_PHASE_STRIP = NO;
				GCC_C_LANGUAGE_STANDARD = gnu99;
				GCC_DYNAMIC_NO_PIC = NO;
				GCC_OPTIMIZATION_LEVEL = 0;
				GCC_PREPROCESSOR_DEFINITIONS = (
					"DEBUG=1",
					"$(inherited)",
				);
				GCC_SYMBOLS_PRIVATE_EXTERN = NO;
				GCC_WARN_ABOUT_RETURN_TYPE = YES;
				GCC_WARN_UNINITIALIZED_AUTOS = YES;
				GCC_WARN_UNUSED_VARIABLE = YES;
				IPHONEOS_DEPLOYMENT_TARGET = 6.1;
				ONLY_ACTIVE_ARCH = YES;
				SDKROOT = iphoneos;
			};
			name = Debug;
		};
		82ED65531780037000A4D2C8 /* Release */ = {
			isa = XCBuildConfiguration;
			buildSettings = {
				ALWAYS_SEARCH_USER_PATHS = NO;
				CLANG_CXX_LANGUAGE_STANDARD = "gnu++0x";
				CLANG_CXX_LIBRARY = "libc++";
				CLANG_WARN_CONSTANT_CONVERSION = YES;
				CLANG_WARN_EMPTY_BODY = YES;
				CLANG_WARN_ENUM_CONVERSION = YES;
				CLANG_WARN_INT_CONVERSION = YES;
				CLANG_WARN__DUPLICATE_METHOD_MATCH = YES;
				"CODE_SIGN_IDENTITY[sdk=iphoneos*]" = "iPhone Developer";
				COPY_PHASE_STRIP = YES;
				GCC_C_LANGUAGE_STANDARD = gnu99;
				GCC_WARN_ABOUT_RETURN_TYPE = YES;
				GCC_WARN_UNINITIALIZED_AUTOS = YES;
				GCC_WARN_UNUSED_VARIABLE = YES;
				IPHONEOS_DEPLOYMENT_TARGET = 6.1;
				OTHER_CFLAGS = "-DNS_BLOCK_ASSERTIONS=1";
				SDKROOT = iphoneos;
				VALIDATE_PRODUCT = YES;
			};
			name = Release;
		};
		82ED65551780037000A4D2C8 /* Debug */ = {
			isa = XCBuildConfiguration;
			buildSettings = {
				GCC_PRECOMPILE_PREFIX_HEADER = YES;
				GCC_PREFIX_HEADER = "UTDemo08_2/Supporting Files/UTDemo08_2-Prefix.pch";
				INFOPLIST_FILE = "UTDemo08_2/Supporting Files/UTDemo08_2-Info.plist";
				PRODUCT_NAME = "$(TARGET_NAME)";
				WRAPPER_EXTENSION = app;
			};
			name = Debug;
		};
		82ED65561780037000A4D2C8 /* Release */ = {
			isa = XCBuildConfiguration;
			buildSettings = {
				GCC_PRECOMPILE_PREFIX_HEADER = YES;
				GCC_PREFIX_HEADER = "UTDemo08_2/Supporting Files/UTDemo08_2-Prefix.pch";
				INFOPLIST_FILE = "UTDemo08_2/Supporting Files/UTDemo08_2-Info.plist";
				PRODUCT_NAME = "$(TARGET_NAME)";
				WRAPPER_EXTENSION = app;
			};
			name = Release;
		};
/* End XCBuildConfiguration section */

/* Begin XCConfigurationList section */
		82ED65321780036F00A4D2C8 /* Build configuration list for PBXProject "UTDemo08_2" */ = {
			isa = XCConfigurationList;
			buildConfigurations = (
				82ED65521780037000A4D2C8 /* Debug */,
				82ED65531780037000A4D2C8 /* Release */,
			);
			defaultConfigurationIsVisible = 0;
			defaultConfigurationName = Release;
		};
		82ED65541780037000A4D2C8 /* Build configuration list for PBXNativeTarget "UTDemo08_2" */ = {
			isa = XCConfigurationList;
			buildConfigurations = (
				82ED65551780037000A4D2C8 /* Debug */,
				82ED65561780037000A4D2C8 /* Release */,
			);
			defaultConfigurationIsVisible = 0;
			defaultConfigurationName = Release;
		};
/* End XCConfigurationList section */
	};
	rootObject = 82ED652F1780036F00A4D2C8 /* Project object */;
}
