// !$*UTF8*$!
{
	archiveVersion = 1;
	classes = {
	};
	objectVersion = 46;
	objects = {

/* Begin PBXBuildFile section */
		8237BA8E175B344C00616FC7 /* UIKit.framework in Frameworks */ = {isa = PBXBuildFile; fileRef = 8237BA8D175B344C00616FC7 /* UIKit.framework */; };
		8237BA90175B344C00616FC7 /* Foundation.framework in Frameworks */ = {isa = PBXBuildFile; fileRef = 8237BA8F175B344C00616FC7 /* Foundation.framework */; };
		8237BA92175B344C00616FC7 /* CoreGraphics.framework in Frameworks */ = {isa = PBXBuildFile; fileRef = 8237BA91175B344C00616FC7 /* CoreGraphics.framework */; };
		8237BA98175B344C00616FC7 /* InfoPlist.strings in Resources */ = {isa = PBXBuildFile; fileRef = 8237BA96175B344C00616FC7 /* InfoPlist.strings */; };
		8237BA9A175B344C00616FC7 /* main.m in Sources */ = {isa = PBXBuildFile; fileRef = 8237BA99175B344C00616FC7 /* main.m */; };
		8237BA9E175B344C00616FC7 /* UTAppDelegate.m in Sources */ = {isa = PBXBuildFile; fileRef = 8237BA9D175B344C00616FC7 /* UTAppDelegate.m */; };
		8237BAA0175B344C00616FC7 /* Default.png in Resources */ = {isa = PBXBuildFile; fileRef = 8237BA9F175B344C00616FC7 /* Default.png */; };
		8237BAA2175B344C00616FC7 /* Default@2x.png in Resources */ = {isa = PBXBuildFile; fileRef = 8237BAA1175B344C00616FC7 /* Default@2x.png */; };
		8237BAA4175B344C00616FC7 /* Default-568h@2x.png in Resources */ = {isa = PBXBuildFile; fileRef = 8237BAA3175B344C00616FC7 /* Default-568h@2x.png */; };
/* End PBXBuildFile section */

/* Begin PBXFileReference section */
		8237BA8A175B344C00616FC7 /* UTDemo05.app */ = {isa = PBXFileReference; explicitFileType = wrapper.application; includeInIndex = 0; path = UTDemo05.app; sourceTree = BUILT_PRODUCTS_DIR; };
		8237BA8D175B344C00616FC7 /* UIKit.framework */ = {isa = PBXFileReference; lastKnownFileType = wrapper.framework; name = UIKit.framework; path = System/Library/Frameworks/UIKit.framework; sourceTree = SDKROOT; };
		8237BA8F175B344C00616FC7 /* Foundation.framework */ = {isa = PBXFileReference; lastKnownFileType = wrapper.framework; name = Foundation.framework; path = System/Library/Frameworks/Foundation.framework; sourceTree = SDKROOT; };
		8237BA91175B344C00616FC7 /* CoreGraphics.framework */ = {isa = PBXFileReference; lastKnownFileType = wrapper.framework; name = CoreGraphics.framework; path = System/Library/Frameworks/CoreGraphics.framework; sourceTree = SDKROOT; };
		8237BA95175B344C00616FC7 /* UTDemo05-Info.plist */ = {isa = PBXFileReference; lastKnownFileType = text.plist.xml; path = "UTDemo05-Info.plist"; sourceTree = "<group>"; };
		8237BA97175B344C00616FC7 /* en */ = {isa = PBXFileReference; lastKnownFileType = text.plist.strings; name = en; path = en.lproj/InfoPlist.strings; sourceTree = "<group>"; };
		8237BA99175B344C00616FC7 /* main.m */ = {isa = PBXFileReference; lastKnownFileType = sourcecode.c.objc; path = main.m; sourceTree = "<group>"; };
		8237BA9B175B344C00616FC7 /* UTDemo05-Prefix.pch */ = {isa = PBXFileReference; lastKnownFileType = sourcecode.c.h; path = "UTDemo05-Prefix.pch"; sourceTree = "<group>"; };
		8237BA9C175B344C00616FC7 /* UTAppDelegate.h */ = {isa = PBXFileReference; lastKnownFileType = sourcecode.c.h; path = UTAppDelegate.h; sourceTree = "<group>"; };
		8237BA9D175B344C00616FC7 /* UTAppDelegate.m */ = {isa = PBXFileReference; lastKnownFileType = sourcecode.c.objc; path = UTAppDelegate.m; sourceTree = "<group>"; };
		8237BA9F175B344C00616FC7 /* Default.png */ = {isa = PBXFileReference; lastKnownFileType = image.png; path = Default.png; sourceTree = "<group>"; };
		8237BAA1175B344C00616FC7 /* Default@2x.png */ = {isa = PBXFileReference; lastKnownFileType = image.png; path = "Default@2x.png"; sourceTree = "<group>"; };
		8237BAA3175B344C00616FC7 /* Default-568h@2x.png */ = {isa = PBXFileReference; lastKnownFileType = image.png; path = "Default-568h@2x.png"; sourceTree = "<group>"; };
/* End PBXFileReference section */

/* Begin PBXFrameworksBuildPhase section */
		8237BA87175B344C00616FC7 /* Frameworks */ = {
			isa = PBXFrameworksBuildPhase;
			buildActionMask = 2147483647;
			files = (
				8237BA8E175B344C00616FC7 /* UIKit.framework in Frameworks */,
				8237BA90175B344C00616FC7 /* Foundation.framework in Frameworks */,
				8237BA92175B344C00616FC7 /* CoreGraphics.framework in Frameworks */,
			);
			runOnlyForDeploymentPostprocessing = 0;
		};
/* End PBXFrameworksBuildPhase section */

/* Begin PBXGroup section */
		8237BA81175B344C00616FC7 = {
			isa = PBXGroup;
			children = (
				8237BA93175B344C00616FC7 /* UTDemo05 */,
				8237BA8C175B344C00616FC7 /* Frameworks */,
				8237BA8B175B344C00616FC7 /* Products */,
			);
			sourceTree = "<group>";
		};
		8237BA8B175B344C00616FC7 /* Products */ = {
			isa = PBXGroup;
			children = (
				8237BA8A175B344C00616FC7 /* UTDemo05.app */,
			);
			name = Products;
			sourceTree = "<group>";
		};
		8237BA8C175B344C00616FC7 /* Frameworks */ = {
			isa = PBXGroup;
			children = (
				8237BA8D175B344C00616FC7 /* UIKit.framework */,
				8237BA8F175B344C00616FC7 /* Foundation.framework */,
				8237BA91175B344C00616FC7 /* CoreGraphics.framework */,
			);
			name = Frameworks;
			sourceTree = "<group>";
		};
		8237BA93175B344C00616FC7 /* UTDemo05 */ = {
			isa = PBXGroup;
			children = (
				8237BA9C175B344C00616FC7 /* UTAppDelegate.h */,
				8237BA9D175B344C00616FC7 /* UTAppDelegate.m */,
				8237BA94175B344C00616FC7 /* Supporting Files */,
			);
			path = UTDemo05;
			sourceTree = "<group>";
		};
		8237BA94175B344C00616FC7 /* Supporting Files */ = {
			isa = PBXGroup;
			children = (
				8237BA95175B344C00616FC7 /* UTDemo05-Info.plist */,
				8237BA96175B344C00616FC7 /* InfoPlist.strings */,
				8237BA99175B344C00616FC7 /* main.m */,
				8237BA9B175B344C00616FC7 /* UTDemo05-Prefix.pch */,
				8237BA9F175B344C00616FC7 /* Default.png */,
				8237BAA1175B344C00616FC7 /* Default@2x.png */,
				8237BAA3175B344C00616FC7 /* Default-568h@2x.png */,
			);
			name = "Supporting Files";
			sourceTree = "<group>";
		};
/* End PBXGroup section */

/* Begin PBXNativeTarget section */
		8237BA89175B344C00616FC7 /* UTDemo05 */ = {
			isa = PBXNativeTarget;
			buildConfigurationList = 8237BAA7175B344C00616FC7 /* Build configuration list for PBXNativeTarget "UTDemo05" */;
			buildPhases = (
				8237BA86175B344C00616FC7 /* Sources */,
				8237BA87175B344C00616FC7 /* Frameworks */,
				8237BA88175B344C00616FC7 /* Resources */,
			);
			buildRules = (
			);
			dependencies = (
			);
			name = UTDemo05;
			productName = UTDemo05;
			productReference = 8237BA8A175B344C00616FC7 /* UTDemo05.app */;
			productType = "com.apple.product-type.application";
		};
/* End PBXNativeTarget section */

/* Begin PBXProject section */
		8237BA82175B344C00616FC7 /* Project object */ = {
			isa = PBXProject;
			attributes = {
				CLASSPREFIX = UT;
				LastUpgradeCheck = 0460;
				ORGANIZATIONNAME = "Hivan Du";
			};
			buildConfigurationList = 8237BA85175B344C00616FC7 /* Build configuration list for PBXProject "UTDemo05" */;
			compatibilityVersion = "Xcode 3.2";
			developmentRegion = English;
			hasScannedForEncodings = 0;
			knownRegions = (
				en,
			);
			mainGroup = 8237BA81175B344C00616FC7;
			productRefGroup = 8237BA8B175B344C00616FC7 /* Products */;
			projectDirPath = "";
			projectRoot = "";
			targets = (
				8237BA89175B344C00616FC7 /* UTDemo05 */,
			);
		};
/* End PBXProject section */

/* Begin PBXResourcesBuildPhase section */
		8237BA88175B344C00616FC7 /* Resources */ = {
			isa = PBXResourcesBuildPhase;
			buildActionMask = 2147483647;
			files = (
				8237BA98175B344C00616FC7 /* InfoPlist.strings in Resources */,
				8237BAA0175B344C00616FC7 /* Default.png in Resources */,
				8237BAA2175B344C00616FC7 /* Default@2x.png in Resources */,
				8237BAA4175B344C00616FC7 /* Default-568h@2x.png in Resources */,
			);
			runOnlyForDeploymentPostprocessing = 0;
		};
/* End PBXResourcesBuildPhase section */

/* Begin PBXSourcesBuildPhase section */
		8237BA86175B344C00616FC7 /* Sources */ = {
			isa = PBXSourcesBuildPhase;
			buildActionMask = 2147483647;
			files = (
				8237BA9A175B344C00616FC7 /* main.m in Sources */,
				8237BA9E175B344C00616FC7 /* UTAppDelegate.m in Sources */,
			);
			runOnlyForDeploymentPostprocessing = 0;
		};
/* End PBXSourcesBuildPhase section */

/* Begin PBXVariantGroup section */
		8237BA96175B344C00616FC7 /* InfoPlist.strings */ = {
			isa = PBXVariantGroup;
			children = (
				8237BA97175B344C00616FC7 /* en */,
			);
			name = InfoPlist.strings;
			sourceTree = "<group>";
		};
/* End PBXVariantGroup section */

/* Begin XCBuildConfiguration section */
		8237BAA5175B344C00616FC7 /* Debug */ = {
			isa = XCBuildConfiguration;
			buildSettings = {
				ALWAYS_SEARCH_USER_PATHS = NO;
				CLANG_CXX_LANGUAGE_STANDARD = "gnu++0x";
				CLANG_CXX_LIBRARY = "libc++";
				CLANG_WARN_CONSTANT_CONVERSION = YES;
				CLANG_WARN_EMPTY_BODY = YES;
				CLANG_WARN_ENUM_CONVERSION = YES;
				CLANG_WARN_INT_CONVERSION = YES;
				CLANG_WARN__DUPLICATE_METHOD_MATCH = YES;
				"CODE_SIGN_IDENTITY[sdk=iphoneos*]" = "iPhone Developer";
				COPY_PHASE_STRIP = NO;
				GCC_C_LANGUAGE_STANDARD = gnu99;
				GCC_DYNAMIC_NO_PIC = NO;
				GCC_OPTIMIZATION_LEVEL = 0;
				GCC_PREPROCESSOR_DEFINITIONS = (
					"DEBUG=1",
					"$(inherited)",
				);
				GCC_SYMBOLS_PRIVATE_EXTERN = NO;
				GCC_WARN_ABOUT_RETURN_TYPE = YES;
				GCC_WARN_UNINITIALIZED_AUTOS = YES;
				GCC_WARN_UNUSED_VARIABLE = YES;
				IPHONEOS_DEPLOYMENT_TARGET = 6.1;
				ONLY_ACTIVE_ARCH = YES;
				SDKROOT = iphoneos;
			};
			name = Debug;
		};
		8237BAA6175B344C00616FC7 /* Release */ = {
			isa = XCBuildConfiguration;
			buildSettings = {
				ALWAYS_SEARCH_USER_PATHS = NO;
				CLANG_CXX_LANGUAGE_STANDARD = "gnu++0x";
				CLANG_CXX_LIBRARY = "libc++";
				CLANG_WARN_CONSTANT_CONVERSION = YES;
				CLANG_WARN_EMPTY_BODY = YES;
				CLANG_WARN_ENUM_CONVERSION = YES;
				CLANG_WARN_INT_CONVERSION = YES;
				CLANG_WARN__DUPLICATE_METHOD_MATCH = YES;
				"CODE_SIGN_IDENTITY[sdk=iphoneos*]" = "iPhone Developer";
				COPY_PHASE_STRIP = YES;
				GCC_C_LANGUAGE_STANDARD = gnu99;
				GCC_WARN_ABOUT_RETURN_TYPE = YES;
				GCC_WARN_UNINITIALIZED_AUTOS = YES;
				GCC_WARN_UNUSED_VARIABLE = YES;
				IPHONEOS_DEPLOYMENT_TARGET = 6.1;
				OTHER_CFLAGS = "-DNS_BLOCK_ASSERTIONS=1";
				SDKROOT = iphoneos;
				VALIDATE_PRODUCT = YES;
			};
			name = Release;
		};
		8237BAA8175B344C00616FC7 /* Debug */ = {
			isa = XCBuildConfiguration;
			buildSettings = {
				GCC_PRECOMPILE_PREFIX_HEADER = YES;
				GCC_PREFIX_HEADER = "UTDemo05/UTDemo05-Prefix.pch";
				INFOPLIST_FILE = "UTDemo05/UTDemo05-Info.plist";
				PRODUCT_NAME = "$(TARGET_NAME)";
				WRAPPER_EXTENSION = app;
			};
			name = Debug;
		};
		8237BAA9175B344C00616FC7 /* Release */ = {
			isa = XCBuildConfiguration;
			buildSettings = {
				GCC_PRECOMPILE_PREFIX_HEADER = YES;
				GCC_PREFIX_HEADER = "UTDemo05/UTDemo05-Prefix.pch";
				INFOPLIST_FILE = "UTDemo05/UTDemo05-Info.plist";
				PRODUCT_NAME = "$(TARGET_NAME)";
				WRAPPER_EXTENSION = app;
			};
			name = Release;
		};
/* End XCBuildConfiguration section */

/* Begin XCConfigurationList section */
		8237BA85175B344C00616FC7 /* Build configuration list for PBXProject "UTDemo05" */ = {
			isa = XCConfigurationList;
			buildConfigurations = (
				8237BAA5175B344C00616FC7 /* Debug */,
				8237BAA6175B344C00616FC7 /* Release */,
			);
			defaultConfigurationIsVisible = 0;
			defaultConfigurationName = Release;
		};
		8237BAA7175B344C00616FC7 /* Build configuration list for PBXNativeTarget "UTDemo05" */ = {
			isa = XCConfigurationList;
			buildConfigurations = (
				8237BAA8175B344C00616FC7 /* Debug */,
				8237BAA9175B344C00616FC7 /* Release */,
			);
			defaultConfigurationIsVisible = 0;
		};
/* End XCConfigurationList section */
	};
	rootObject = 8237BA82175B344C00616FC7 /* Project object */;
}
