// !$*UTF8*$!
{
	archiveVersion = 1;
	classes = {
	};
	objectVersion = 46;
	objects = {

/* Begin PBXBuildFile section */
		82026387175EFDB80021384B /* UIKit.framework in Frameworks */ = {isa = PBXBuildFile; fileRef = 82026386175EFDB80021384B /* UIKit.framework */; };
		82026389175EFDB80021384B /* Foundation.framework in Frameworks */ = {isa = PBXBuildFile; fileRef = 82026388175EFDB80021384B /* Foundation.framework */; };
		8202638B175EFDB80021384B /* CoreGraphics.framework in Frameworks */ = {isa = PBXBuildFile; fileRef = 8202638A175EFDB80021384B /* CoreGraphics.framework */; };
		820263CF175EFE8F0021384B /* UTAppDelegate.m in Sources */ = {isa = PBXBuildFile; fileRef = 820263A6175EFE8F0021384B /* UTAppDelegate.m */; };
		820263D0175EFE8F0021384B /* bg1.png in Resources */ = {isa = PBXBuildFile; fileRef = 820263B1175EFE8F0021384B /* bg1.png */; };
		820263D1175EFE8F0021384B /* bg2.png in Resources */ = {isa = PBXBuildFile; fileRef = 820263B2175EFE8F0021384B /* bg2.png */; };
		820263D2175EFE8F0021384B /* bg3.png in Resources */ = {isa = PBXBuildFile; fileRef = 820263B3175EFE8F0021384B /* bg3.png */; };
		820263D3175EFE8F0021384B /* bg4.png in Resources */ = {isa = PBXBuildFile; fileRef = 820263B4175EFE8F0021384B /* bg4.png */; };
		820263D4175EFE8F0021384B /* bg5.png in Resources */ = {isa = PBXBuildFile; fileRef = 820263B5175EFE8F0021384B /* bg5.png */; };
		820263D5175EFE8F0021384B /* blueButton.png in Resources */ = {isa = PBXBuildFile; fileRef = 820263B6175EFE8F0021384B /* blueButton.png */; };
		820263D6175EFE8F0021384B /* Default-568h@2x.png in Resources */ = {isa = PBXBuildFile; fileRef = 820263B7175EFE8F0021384B /* Default-568h@2x.png */; };
		820263D7175EFE8F0021384B /* Default.png in Resources */ = {isa = PBXBuildFile; fileRef = 820263B8175EFE8F0021384B /* Default.png */; };
		820263D8175EFE8F0021384B /* Default@2x.png in Resources */ = {isa = PBXBuildFile; fileRef = 820263B9175EFE8F0021384B /* Default@2x.png */; };
		820263D9175EFE8F0021384B /* dragon.png in Resources */ = {isa = PBXBuildFile; fileRef = 820263BA175EFE8F0021384B /* dragon.png */; };
		820263DA175EFE8F0021384B /* five.png in Resources */ = {isa = PBXBuildFile; fileRef = 820263BB175EFE8F0021384B /* five.png */; };
		820263DB175EFE8F0021384B /* five@2x.png in Resources */ = {isa = PBXBuildFile; fileRef = 820263BC175EFE8F0021384B /* five@2x.png */; };
		820263DC175EFE8F0021384B /* forward.png in Resources */ = {isa = PBXBuildFile; fileRef = 820263BD175EFE8F0021384B /* forward.png */; };
		820263DD175EFE8F0021384B /* four.png in Resources */ = {isa = PBXBuildFile; fileRef = 820263BE175EFE8F0021384B /* four.png */; };
		820263DE175EFE8F0021384B /* four@2x.png in Resources */ = {isa = PBXBuildFile; fileRef = 820263BF175EFE8F0021384B /* four@2x.png */; };
		820263DF175EFE8F0021384B /* hidden.png in Resources */ = {isa = PBXBuildFile; fileRef = 820263C0175EFE8F0021384B /* hidden.png */; };
		820263E0175EFE8F0021384B /* icon.png in Resources */ = {isa = PBXBuildFile; fileRef = 820263C1175EFE8F0021384B /* icon.png */; };
		820263E1175EFE8F0021384B /* one.png in Resources */ = {isa = PBXBuildFile; fileRef = 820263C2175EFE8F0021384B /* one.png */; };
		820263E2175EFE8F0021384B /* one@2x.png in Resources */ = {isa = PBXBuildFile; fileRef = 820263C3175EFE8F0021384B /* one@2x.png */; };
		820263E3175EFE8F0021384B /* retreat.png in Resources */ = {isa = PBXBuildFile; fileRef = 820263C4175EFE8F0021384B /* retreat.png */; };
		820263E4175EFE8F0021384B /* three.png in Resources */ = {isa = PBXBuildFile; fileRef = 820263C5175EFE8F0021384B /* three.png */; };
		820263E5175EFE8F0021384B /* three@2x.png in Resources */ = {isa = PBXBuildFile; fileRef = 820263C6175EFE8F0021384B /* three@2x.png */; };
		820263E6175EFE8F0021384B /* two.png in Resources */ = {isa = PBXBuildFile; fileRef = 820263C7175EFE8F0021384B /* two.png */; };
		820263E7175EFE8F0021384B /* two@2x.png in Resources */ = {isa = PBXBuildFile; fileRef = 820263C8175EFE8F0021384B /* two@2x.png */; };
		820263E8175EFE8F0021384B /* whiteButton.png in Resources */ = {isa = PBXBuildFile; fileRef = 820263C9175EFE8F0021384B /* whiteButton.png */; };
		820263E9175EFE8F0021384B /* main.m in Sources */ = {isa = PBXBuildFile; fileRef = 820263CC175EFE8F0021384B /* main.m */; };
		820263FD175EFF3D0021384B /* UTFiveViewController.m in Sources */ = {isa = PBXBuildFile; fileRef = 820263FB175EFF3D0021384B /* UTFiveViewController.m */; };
		82026402175EFF440021384B /* UTFourViewController.m in Sources */ = {isa = PBXBuildFile; fileRef = 82026400175EFF440021384B /* UTFourViewController.m */; };
		82026407175EFF4C0021384B /* UTOneViewController.m in Sources */ = {isa = PBXBuildFile; fileRef = 82026405175EFF4C0021384B /* UTOneViewController.m */; };
		8202640C175EFF520021384B /* UTThreeViewController.m in Sources */ = {isa = PBXBuildFile; fileRef = 8202640A175EFF520021384B /* UTThreeViewController.m */; };
		82026411175EFF590021384B /* UTTwoViewController.m in Sources */ = {isa = PBXBuildFile; fileRef = 8202640F175EFF590021384B /* UTTwoViewController.m */; };
		82026416175EFFCD0021384B /* UTBaseViewController.m in Sources */ = {isa = PBXBuildFile; fileRef = 82026415175EFFCD0021384B /* UTBaseViewController.m */; };
		82026421175EFFEB0021384B /* UTFiveViewController.xib in Resources */ = {isa = PBXBuildFile; fileRef = 82026418175EFFEB0021384B /* UTFiveViewController.xib */; };
		82026422175EFFEB0021384B /* UTFourViewController.xib in Resources */ = {isa = PBXBuildFile; fileRef = 8202641A175EFFEB0021384B /* UTFourViewController.xib */; };
		82026423175EFFEB0021384B /* UTOneViewController.xib in Resources */ = {isa = PBXBuildFile; fileRef = 8202641C175EFFEB0021384B /* UTOneViewController.xib */; };
		82026424175EFFEB0021384B /* UTThreeViewController.xib in Resources */ = {isa = PBXBuildFile; fileRef = 8202641E175EFFEB0021384B /* UTThreeViewController.xib */; };
		82026425175EFFEB0021384B /* UTTwoViewController.xib in Resources */ = {isa = PBXBuildFile; fileRef = 82026420175EFFEB0021384B /* UTTwoViewController.xib */; };
		82026428175F1AE30021384B /* UTDragonView.m in Sources */ = {isa = PBXBuildFile; fileRef = 82026427175F1AE30021384B /* UTDragonView.m */; };
/* End PBXBuildFile section */

/* Begin PBXFileReference section */
		82026383175EFDB80021384B /* UTDemo05_practice2.app */ = {isa = PBXFileReference; explicitFileType = wrapper.application; includeInIndex = 0; path = UTDemo05_practice2.app; sourceTree = BUILT_PRODUCTS_DIR; };
		82026386175EFDB80021384B /* UIKit.framework */ = {isa = PBXFileReference; lastKnownFileType = wrapper.framework; name = UIKit.framework; path = System/Library/Frameworks/UIKit.framework; sourceTree = SDKROOT; };
		82026388175EFDB80021384B /* Foundation.framework */ = {isa = PBXFileReference; lastKnownFileType = wrapper.framework; name = Foundation.framework; path = System/Library/Frameworks/Foundation.framework; sourceTree = SDKROOT; };
		8202638A175EFDB80021384B /* CoreGraphics.framework */ = {isa = PBXFileReference; lastKnownFileType = wrapper.framework; name = CoreGraphics.framework; path = System/Library/Frameworks/CoreGraphics.framework; sourceTree = SDKROOT; };
		820263A5175EFE8F0021384B /* UTAppDelegate.h */ = {isa = PBXFileReference; fileEncoding = 4; lastKnownFileType = sourcecode.c.h; path = UTAppDelegate.h; sourceTree = "<group>"; };
		820263A6175EFE8F0021384B /* UTAppDelegate.m */ = {isa = PBXFileReference; fileEncoding = 4; lastKnownFileType = sourcecode.c.objc; path = UTAppDelegate.m; sourceTree = "<group>"; };
		820263B1175EFE8F0021384B /* bg1.png */ = {isa = PBXFileReference; lastKnownFileType = image.png; path = bg1.png; sourceTree = "<group>"; };
		820263B2175EFE8F0021384B /* bg2.png */ = {isa = PBXFileReference; lastKnownFileType = image.png; path = bg2.png; sourceTree = "<group>"; };
		820263B3175EFE8F0021384B /* bg3.png */ = {isa = PBXFileReference; lastKnownFileType = image.png; path = bg3.png; sourceTree = "<group>"; };
		820263B4175EFE8F0021384B /* bg4.png */ = {isa = PBXFileReference; lastKnownFileType = image.png; path = bg4.png; sourceTree = "<group>"; };
		820263B5175EFE8F0021384B /* bg5.png */ = {isa = PBXFileReference; lastKnownFileType = image.png; path = bg5.png; sourceTree = "<group>"; };
		820263B6175EFE8F0021384B /* blueButton.png */ = {isa = PBXFileReference; lastKnownFileType = image.png; path = blueButton.png; sourceTree = "<group>"; };
		820263B7175EFE8F0021384B /* Default-568h@2x.png */ = {isa = PBXFileReference; lastKnownFileType = image.png; path = "Default-568h@2x.png"; sourceTree = "<group>"; };
		820263B8175EFE8F0021384B /* Default.png */ = {isa = PBXFileReference; lastKnownFileType = image.png; path = Default.png; sourceTree = "<group>"; };
		820263B9175EFE8F0021384B /* Default@2x.png */ = {isa = PBXFileReference; lastKnownFileType = image.png; path = "Default@2x.png"; sourceTree = "<group>"; };
		820263BA175EFE8F0021384B /* dragon.png */ = {isa = PBXFileReference; lastKnownFileType = image.png; path = dragon.png; sourceTree = "<group>"; };
		820263BB175EFE8F0021384B /* five.png */ = {isa = PBXFileReference; lastKnownFileType = image.png; path = five.png; sourceTree = "<group>"; };
		820263BC175EFE8F0021384B /* five@2x.png */ = {isa = PBXFileReference; lastKnownFileType = image.png; path = "five@2x.png"; sourceTree = "<group>"; };
		820263BD175EFE8F0021384B /* forward.png */ = {isa = PBXFileReference; lastKnownFileType = image.png; path = forward.png; sourceTree = "<group>"; };
		820263BE175EFE8F0021384B /* four.png */ = {isa = PBXFileReference; lastKnownFileType = image.png; path = four.png; sourceTree = "<group>"; };
		820263BF175EFE8F0021384B /* four@2x.png */ = {isa = PBXFileReference; lastKnownFileType = image.png; path = "four@2x.png"; sourceTree = "<group>"; };
		820263C0175EFE8F0021384B /* hidden.png */ = {isa = PBXFileReference; lastKnownFileType = image.png; path = hidden.png; sourceTree = "<group>"; };
		820263C1175EFE8F0021384B /* icon.png */ = {isa = PBXFileReference; lastKnownFileType = image.png; path = icon.png; sourceTree = "<group>"; };
		820263C2175EFE8F0021384B /* one.png */ = {isa = PBXFileReference; lastKnownFileType = image.png; path = one.png; sourceTree = "<group>"; };
		820263C3175EFE8F0021384B /* one@2x.png */ = {isa = PBXFileReference; lastKnownFileType = image.png; path = "one@2x.png"; sourceTree = "<group>"; };
		820263C4175EFE8F0021384B /* retreat.png */ = {isa = PBXFileReference; lastKnownFileType = image.png; path = retreat.png; sourceTree = "<group>"; };
		820263C5175EFE8F0021384B /* three.png */ = {isa = PBXFileReference; lastKnownFileType = image.png; path = three.png; sourceTree = "<group>"; };
		820263C6175EFE8F0021384B /* three@2x.png */ = {isa = PBXFileReference; lastKnownFileType = image.png; path = "three@2x.png"; sourceTree = "<group>"; };
		820263C7175EFE8F0021384B /* two.png */ = {isa = PBXFileReference; lastKnownFileType = image.png; path = two.png; sourceTree = "<group>"; };
		820263C8175EFE8F0021384B /* two@2x.png */ = {isa = PBXFileReference; lastKnownFileType = image.png; path = "two@2x.png"; sourceTree = "<group>"; };
		820263C9175EFE8F0021384B /* whiteButton.png */ = {isa = PBXFileReference; lastKnownFileType = image.png; path = whiteButton.png; sourceTree = "<group>"; };
		820263CC175EFE8F0021384B /* main.m */ = {isa = PBXFileReference; fileEncoding = 4; lastKnownFileType = sourcecode.c.objc; path = main.m; sourceTree = "<group>"; };
		820263CD175EFE8F0021384B /* UTDemo05_practice2-Info.plist */ = {isa = PBXFileReference; fileEncoding = 4; lastKnownFileType = text.plist.xml; path = "UTDemo05_practice2-Info.plist"; sourceTree = "<group>"; };
		820263CE175EFE8F0021384B /* UTDemo05_practice2-Prefix.pch */ = {isa = PBXFileReference; fileEncoding = 4; lastKnownFileType = sourcecode.c.h; path = "UTDemo05_practice2-Prefix.pch"; sourceTree = "<group>"; };
		820263FA175EFF3D0021384B /* UTFiveViewController.h */ = {isa = PBXFileReference; fileEncoding = 4; lastKnownFileType = sourcecode.c.h; path = UTFiveViewController.h; sourceTree = "<group>"; };
		820263FB175EFF3D0021384B /* UTFiveViewController.m */ = {isa = PBXFileReference; fileEncoding = 4; lastKnownFileType = sourcecode.c.objc; path = UTFiveViewController.m; sourceTree = "<group>"; };
		820263FF175EFF440021384B /* UTFourViewController.h */ = {isa = PBXFileReference; fileEncoding = 4; lastKnownFileType = sourcecode.c.h; path = UTFourViewController.h; sourceTree = "<group>"; };
		82026400175EFF440021384B /* UTFourViewController.m */ = {isa = PBXFileReference; fileEncoding = 4; lastKnownFileType = sourcecode.c.objc; path = UTFourViewController.m; sourceTree = "<group>"; };
		82026404175EFF4C0021384B /* UTOneViewController.h */ = {isa = PBXFileReference; fileEncoding = 4; lastKnownFileType = sourcecode.c.h; path = UTOneViewController.h; sourceTree = "<group>"; };
		82026405175EFF4C0021384B /* UTOneViewController.m */ = {isa = PBXFileReference; fileEncoding = 4; lastKnownFileType = sourcecode.c.objc; path = UTOneViewController.m; sourceTree = "<group>"; };
		82026409175EFF520021384B /* UTThreeViewController.h */ = {isa = PBXFileReference; fileEncoding = 4; lastKnownFileType = sourcecode.c.h; path = UTThreeViewController.h; sourceTree = "<group>"; };
		8202640A175EFF520021384B /* UTThreeViewController.m */ = {isa = PBXFileReference; fileEncoding = 4; lastKnownFileType = sourcecode.c.objc; path = UTThreeViewController.m; sourceTree = "<group>"; };
		8202640E175EFF590021384B /* UTTwoViewController.h */ = {isa = PBXFileReference; fileEncoding = 4; lastKnownFileType = sourcecode.c.h; path = UTTwoViewController.h; sourceTree = "<group>"; };
		8202640F175EFF590021384B /* UTTwoViewController.m */ = {isa = PBXFileReference; fileEncoding = 4; lastKnownFileType = sourcecode.c.objc; path = UTTwoViewController.m; sourceTree = "<group>"; };
		82026414175EFFCD0021384B /* UTBaseViewController.h */ = {isa = PBXFileReference; fileEncoding = 4; lastKnownFileType = sourcecode.c.h; path = UTBaseViewController.h; sourceTree = "<group>"; };
		82026415175EFFCD0021384B /* UTBaseViewController.m */ = {isa = PBXFileReference; fileEncoding = 4; lastKnownFileType = sourcecode.c.objc; path = UTBaseViewController.m; sourceTree = "<group>"; };
		82026418175EFFEB0021384B /* UTFiveViewController.xib */ = {isa = PBXFileReference; fileEncoding = 4; lastKnownFileType = file.xib; path = UTFiveViewController.xib; sourceTree = "<group>"; };
		8202641A175EFFEB0021384B /* UTFourViewController.xib */ = {isa = PBXFileReference; fileEncoding = 4; lastKnownFileType = file.xib; path = UTFourViewController.xib; sourceTree = "<group>"; };
		8202641C175EFFEB0021384B /* UTOneViewController.xib */ = {isa = PBXFileReference; fileEncoding = 4; lastKnownFileType = file.xib; path = UTOneViewController.xib; sourceTree = "<group>"; };
		8202641E175EFFEB0021384B /* UTThreeViewController.xib */ = {isa = PBXFileReference; fileEncoding = 4; lastKnownFileType = file.xib; path = UTThreeViewController.xib; sourceTree = "<group>"; };
		82026420175EFFEB0021384B /* UTTwoViewController.xib */ = {isa = PBXFileReference; fileEncoding = 4; lastKnownFileType = file.xib; path = UTTwoViewController.xib; sourceTree = "<group>"; };
		82026426175F1AE30021384B /* UTDragonView.h */ = {isa = PBXFileReference; fileEncoding = 4; lastKnownFileType = sourcecode.c.h; path = UTDragonView.h; sourceTree = "<group>"; };
		82026427175F1AE30021384B /* UTDragonView.m */ = {isa = PBXFileReference; fileEncoding = 4; lastKnownFileType = sourcecode.c.objc; path = UTDragonView.m; sourceTree = "<group>"; };
		82026429175F22660021384B /* UTDragonViewDelegate.h */ = {isa = PBXFileReference; lastKnownFileType = sourcecode.c.h; path = UTDragonViewDelegate.h; sourceTree = "<group>"; };
/* End PBXFileReference section */

/* Begin PBXFrameworksBuildPhase section */
		82026380175EFDB80021384B /* Frameworks */ = {
			isa = PBXFrameworksBuildPhase;
			buildActionMask = 2147483647;
			files = (
				82026387175EFDB80021384B /* UIKit.framework in Frameworks */,
				82026389175EFDB80021384B /* Foundation.framework in Frameworks */,
				8202638B175EFDB80021384B /* CoreGraphics.framework in Frameworks */,
			);
			runOnlyForDeploymentPostprocessing = 0;
		};
/* End PBXFrameworksBuildPhase section */

/* Begin PBXGroup section */
		8202637A175EFDB80021384B = {
			isa = PBXGroup;
			children = (
				8202638C175EFDB80021384B /* UTDemo05_practice2 */,
				82026385175EFDB80021384B /* Frameworks */,
				82026384175EFDB80021384B /* Products */,
			);
			sourceTree = "<group>";
		};
		82026384175EFDB80021384B /* Products */ = {
			isa = PBXGroup;
			children = (
				82026383175EFDB80021384B /* UTDemo05_practice2.app */,
			);
			name = Products;
			sourceTree = "<group>";
		};
		82026385175EFDB80021384B /* Frameworks */ = {
			isa = PBXGroup;
			children = (
				82026386175EFDB80021384B /* UIKit.framework */,
				82026388175EFDB80021384B /* Foundation.framework */,
				8202638A175EFDB80021384B /* CoreGraphics.framework */,
			);
			name = Frameworks;
			sourceTree = "<group>";
		};
		8202638C175EFDB80021384B /* UTDemo05_practice2 */ = {
			isa = PBXGroup;
			children = (
				820263A3175EFE8F0021384B /* Classes */,
				820263AF175EFE8F0021384B /* Recoures */,
				820263CB175EFE8F0021384B /* Supporting Files */,
			);
			path = UTDemo05_practice2;
			sourceTree = "<group>";
		};
		820263A3175EFE8F0021384B /* Classes */ = {
			isa = PBXGroup;
			children = (
				820263A4175EFE8F0021384B /* AppDelegate */,
				820263A7175EFE8F0021384B /* Components */,
				820263EE175EFEFA0021384B /* Controllers */,
				820263A9175EFE8F0021384B /* Globals */,
				820263AA175EFE8F0021384B /* Models */,
				820263AB175EFE8F0021384B /* Parsers */,
				820263AC175EFE8F0021384B /* Publics */,
				820263AD175EFE8F0021384B /* Requests */,
				820263AE175EFE8F0021384B /* Utils */,
			);
			path = Classes;
			sourceTree = "<group>";
		};
		820263A4175EFE8F0021384B /* AppDelegate */ = {
			isa = PBXGroup;
			children = (
				820263A5175EFE8F0021384B /* UTAppDelegate.h */,
				820263A6175EFE8F0021384B /* UTAppDelegate.m */,
			);
			path = AppDelegate;
			sourceTree = "<group>";
		};
		820263A7175EFE8F0021384B /* Components */ = {
			isa = PBXGroup;
			children = (
			);
			path = Components;
			sourceTree = "<group>";
		};
		820263A9175EFE8F0021384B /* Globals */ = {
			isa = PBXGroup;
			children = (
			);
			path = Globals;
			sourceTree = "<group>";
		};
		820263AA175EFE8F0021384B /* Models */ = {
			isa = PBXGroup;
			children = (
			);
			path = Models;
			sourceTree = "<group>";
		};
		820263AB175EFE8F0021384B /* Parsers */ = {
			isa = PBXGroup;
			children = (
			);
			path = Parsers;
			sourceTree = "<group>";
		};
		820263AC175EFE8F0021384B /* Publics */ = {
			isa = PBXGroup;
			children = (
			);
			path = Publics;
			sourceTree = "<group>";
		};
		820263AD175EFE8F0021384B /* Requests */ = {
			isa = PBXGroup;
			children = (
			);
			path = Requests;
			sourceTree = "<group>";
		};
		820263AE175EFE8F0021384B /* Utils */ = {
			isa = PBXGroup;
			children = (
			);
			path = Utils;
			sourceTree = "<group>";
		};
		820263AF175EFE8F0021384B /* Recoures */ = {
			isa = PBXGroup;
			children = (
				820263B0175EFE8F0021384B /* images */,
				820263CA175EFE8F0021384B /* XIBs */,
			);
			path = Recoures;
			sourceTree = "<group>";
		};
		820263B0175EFE8F0021384B /* images */ = {
			isa = PBXGroup;
			children = (
				820263B1175EFE8F0021384B /* bg1.png */,
				820263B2175EFE8F0021384B /* bg2.png */,
				820263B3175EFE8F0021384B /* bg3.png */,
				820263B4175EFE8F0021384B /* bg4.png */,
				820263B5175EFE8F0021384B /* bg5.png */,
				820263B6175EFE8F0021384B /* blueButton.png */,
				820263B7175EFE8F0021384B /* Default-568h@2x.png */,
				820263B8175EFE8F0021384B /* Default.png */,
				820263B9175EFE8F0021384B /* Default@2x.png */,
				820263BA175EFE8F0021384B /* dragon.png */,
				820263BB175EFE8F0021384B /* five.png */,
				820263BC175EFE8F0021384B /* five@2x.png */,
				820263BD175EFE8F0021384B /* forward.png */,
				820263BE175EFE8F0021384B /* four.png */,
				820263BF175EFE8F0021384B /* four@2x.png */,
				820263C0175EFE8F0021384B /* hidden.png */,
				820263C1175EFE8F0021384B /* icon.png */,
				820263C2175EFE8F0021384B /* one.png */,
				820263C3175EFE8F0021384B /* one@2x.png */,
				820263C4175EFE8F0021384B /* retreat.png */,
				820263C5175EFE8F0021384B /* three.png */,
				820263C6175EFE8F0021384B /* three@2x.png */,
				820263C7175EFE8F0021384B /* two.png */,
				820263C8175EFE8F0021384B /* two@2x.png */,
				820263C9175EFE8F0021384B /* whiteButton.png */,
			);
			path = images;
			sourceTree = "<group>";
		};
		820263CA175EFE8F0021384B /* XIBs */ = {
			isa = PBXGroup;
			children = (
				82026417175EFFEB0021384B /* Five */,
				82026419175EFFEB0021384B /* Four */,
				8202641B175EFFEB0021384B /* One */,
				8202641D175EFFEB0021384B /* Three */,
				8202641F175EFFEB0021384B /* Two */,
			);
			path = XIBs;
			sourceTree = "<group>";
		};
		820263CB175EFE8F0021384B /* Supporting Files */ = {
			isa = PBXGroup;
			children = (
				820263CC175EFE8F0021384B /* main.m */,
				820263CD175EFE8F0021384B /* UTDemo05_practice2-Info.plist */,
				820263CE175EFE8F0021384B /* UTDemo05_practice2-Prefix.pch */,
			);
			path = "Supporting Files";
			sourceTree = "<group>";
		};
		820263EE175EFEFA0021384B /* Controllers */ = {
			isa = PBXGroup;
			children = (
				82026413175EFFC20021384B /* Base */,
				820263F0175EFF240021384B /* Five */,
				820263F1175EFF240021384B /* Four */,
				820263F2175EFF240021384B /* One */,
				820263F3175EFF240021384B /* Three */,
				820263F4175EFF240021384B /* Two */,
			);
			path = Controllers;
			sourceTree = "<group>";
		};
		820263F0175EFF240021384B /* Five */ = {
			isa = PBXGroup;
			children = (
				820263FA175EFF3D0021384B /* UTFiveViewController.h */,
				820263FB175EFF3D0021384B /* UTFiveViewController.m */,
			);
			path = Five;
			sourceTree = "<group>";
		};
		820263F1175EFF240021384B /* Four */ = {
			isa = PBXGroup;
			children = (
				820263FF175EFF440021384B /* UTFourViewController.h */,
				82026400175EFF440021384B /* UTFourViewController.m */,
			);
			path = Four;
			sourceTree = "<group>";
		};
		820263F2175EFF240021384B /* One */ = {
			isa = PBXGroup;
			children = (
				82026404175EFF4C0021384B /* UTOneViewController.h */,
				82026405175EFF4C0021384B /* UTOneViewController.m */,
				82026426175F1AE30021384B /* UTDragonView.h */,
				82026427175F1AE30021384B /* UTDragonView.m */,
				82026429175F22660021384B /* UTDragonViewDelegate.h */,
			);
			path = One;
			sourceTree = "<group>";
		};
		820263F3175EFF240021384B /* Three */ = {
			isa = PBXGroup;
			children = (
				82026409175EFF520021384B /* UTThreeViewController.h */,
				8202640A175EFF520021384B /* UTThreeViewController.m */,
			);
			path = Three;
			sourceTree = "<group>";
		};
		820263F4175EFF240021384B /* Two */ = {
			isa = PBXGroup;
			children = (
				8202640E175EFF590021384B /* UTTwoViewController.h */,
				8202640F175EFF590021384B /* UTTwoViewController.m */,
			);
			path = Two;
			sourceTree = "<group>";
		};
		82026413175EFFC20021384B /* Base */ = {
			isa = PBXGroup;
			children = (
				82026414175EFFCD0021384B /* UTBaseViewController.h */,
				82026415175EFFCD0021384B /* UTBaseViewController.m */,
			);
			path = Base;
			sourceTree = "<group>";
		};
		82026417175EFFEB0021384B /* Five */ = {
			isa = PBXGroup;
			children = (
				82026418175EFFEB0021384B /* UTFiveViewController.xib */,
			);
			path = Five;
			sourceTree = "<group>";
		};
		82026419175EFFEB0021384B /* Four */ = {
			isa = PBXGroup;
			children = (
				8202641A175EFFEB0021384B /* UTFourViewController.xib */,
			);
			path = Four;
			sourceTree = "<group>";
		};
		8202641B175EFFEB0021384B /* One */ = {
			isa = PBXGroup;
			children = (
				8202641C175EFFEB0021384B /* UTOneViewController.xib */,
			);
			path = One;
			sourceTree = "<group>";
		};
		8202641D175EFFEB0021384B /* Three */ = {
			isa = PBXGroup;
			children = (
				8202641E175EFFEB0021384B /* UTThreeViewController.xib */,
			);
			path = Three;
			sourceTree = "<group>";
		};
		8202641F175EFFEB0021384B /* Two */ = {
			isa = PBXGroup;
			children = (
				82026420175EFFEB0021384B /* UTTwoViewController.xib */,
			);
			path = Two;
			sourceTree = "<group>";
		};
/* End PBXGroup section */

/* Begin PBXNativeTarget section */
		82026382175EFDB80021384B /* UTDemo05_practice2 */ = {
			isa = PBXNativeTarget;
			buildConfigurationList = 820263A0175EFDB80021384B /* Build configuration list for PBXNativeTarget "UTDemo05_practice2" */;
			buildPhases = (
				8202637F175EFDB80021384B /* Sources */,
				82026380175EFDB80021384B /* Frameworks */,
				82026381175EFDB80021384B /* Resources */,
			);
			buildRules = (
			);
			dependencies = (
			);
			name = UTDemo05_practice2;
			productName = UTDemo05_practice2;
			productReference = 82026383175EFDB80021384B /* UTDemo05_practice2.app */;
			productType = "com.apple.product-type.application";
		};
/* End PBXNativeTarget section */

/* Begin PBXProject section */
		8202637B175EFDB80021384B /* Project object */ = {
			isa = PBXProject;
			attributes = {
				CLASSPREFIX = UT;
				LastUpgradeCheck = 0460;
				ORGANIZATIONNAME = "Hivan Du";
			};
			buildConfigurationList = 8202637E175EFDB80021384B /* Build configuration list for PBXProject "UTDemo05_practice2" */;
			compatibilityVersion = "Xcode 3.2";
			developmentRegion = English;
			hasScannedForEncodings = 0;
			knownRegions = (
				en,
			);
			mainGroup = 8202637A175EFDB80021384B;
			productRefGroup = 82026384175EFDB80021384B /* Products */;
			projectDirPath = "";
			projectRoot = "";
			targets = (
				82026382175EFDB80021384B /* UTDemo05_practice2 */,
			);
		};
/* End PBXProject section */

/* Begin PBXResourcesBuildPhase section */
		82026381175EFDB80021384B /* Resources */ = {
			isa = PBXResourcesBuildPhase;
			buildActionMask = 2147483647;
			files = (
				820263D0175EFE8F0021384B /* bg1.png in Resources */,
				820263D1175EFE8F0021384B /* bg2.png in Resources */,
				820263D2175EFE8F0021384B /* bg3.png in Resources */,
				820263D3175EFE8F0021384B /* bg4.png in Resources */,
				820263D4175EFE8F0021384B /* bg5.png in Resources */,
				820263D5175EFE8F0021384B /* blueButton.png in Resources */,
				820263D6175EFE8F0021384B /* Default-568h@2x.png in Resources */,
				820263D7175EFE8F0021384B /* Default.png in Resources */,
				820263D8175EFE8F0021384B /* Default@2x.png in Resources */,
				820263D9175EFE8F0021384B /* dragon.png in Resources */,
				820263DA175EFE8F0021384B /* five.png in Resources */,
				820263DB175EFE8F0021384B /* five@2x.png in Resources */,
				820263DC175EFE8F0021384B /* forward.png in Resources */,
				820263DD175EFE8F0021384B /* four.png in Resources */,
				820263DE175EFE8F0021384B /* four@2x.png in Resources */,
				820263DF175EFE8F0021384B /* hidden.png in Resources */,
				820263E0175EFE8F0021384B /* icon.png in Resources */,
				820263E1175EFE8F0021384B /* one.png in Resources */,
				820263E2175EFE8F0021384B /* one@2x.png in Resources */,
				820263E3175EFE8F0021384B /* retreat.png in Resources */,
				820263E4175EFE8F0021384B /* three.png in Resources */,
				820263E5175EFE8F0021384B /* three@2x.png in Resources */,
				820263E6175EFE8F0021384B /* two.png in Resources */,
				820263E7175EFE8F0021384B /* two@2x.png in Resources */,
				820263E8175EFE8F0021384B /* whiteButton.png in Resources */,
				82026421175EFFEB0021384B /* UTFiveViewController.xib in Resources */,
				82026422175EFFEB0021384B /* UTFourViewController.xib in Resources */,
				82026423175EFFEB0021384B /* UTOneViewController.xib in Resources */,
				82026424175EFFEB0021384B /* UTThreeViewController.xib in Resources */,
				82026425175EFFEB0021384B /* UTTwoViewController.xib in Resources */,
			);
			runOnlyForDeploymentPostprocessing = 0;
		};
/* End PBXResourcesBuildPhase section */

/* Begin PBXSourcesBuildPhase section */
		8202637F175EFDB80021384B /* Sources */ = {
			isa = PBXSourcesBuildPhase;
			buildActionMask = 2147483647;
			files = (
				820263CF175EFE8F0021384B /* UTAppDelegate.m in Sources */,
				820263E9175EFE8F0021384B /* main.m in Sources */,
				820263FD175EFF3D0021384B /* UTFiveViewController.m in Sources */,
				82026402175EFF440021384B /* UTFourViewController.m in Sources */,
				82026407175EFF4C0021384B /* UTOneViewController.m in Sources */,
				8202640C175EFF520021384B /* UTThreeViewController.m in Sources */,
				82026411175EFF590021384B /* UTTwoViewController.m in Sources */,
				82026416175EFFCD0021384B /* UTBaseViewController.m in Sources */,
				82026428175F1AE30021384B /* UTDragonView.m in Sources */,
			);
			runOnlyForDeploymentPostprocessing = 0;
		};
/* End PBXSourcesBuildPhase section */

/* Begin XCBuildConfiguration section */
		8202639E175EFDB80021384B /* Debug */ = {
			isa = XCBuildConfiguration;
			buildSettings = {
				ALWAYS_SEARCH_USER_PATHS = NO;
				CLANG_CXX_LANGUAGE_STANDARD = "gnu++0x";
				CLANG_CXX_LIBRARY = "libc++";
				CLANG_WARN_CONSTANT_CONVERSION = YES;
				CLANG_WARN_EMPTY_BODY = YES;
				CLANG_WARN_ENUM_CONVERSION = YES;
				CLANG_WARN_INT_CONVERSION = YES;
				CLANG_WARN__DUPLICATE_METHOD_MATCH = YES;
				"CODE_SIGN_IDENTITY[sdk=iphoneos*]" = "iPhone Developer";
				COPY_PHASE_STRIP = NO;
				GCC_C_LANGUAGE_STANDARD = gnu99;
				GCC_DYNAMIC_NO_PIC = NO;
				GCC_OPTIMIZATION_LEVEL = 0;
				GCC_PREPROCESSOR_DEFINITIONS = (
					"DEBUG=1",
					"$(inherited)",
				);
				GCC_SYMBOLS_PRIVATE_EXTERN = NO;
				GCC_WARN_ABOUT_RETURN_TYPE = YES;
				GCC_WARN_UNINITIALIZED_AUTOS = YES;
				GCC_WARN_UNUSED_VARIABLE = YES;
				IPHONEOS_DEPLOYMENT_TARGET = 6.1;
				ONLY_ACTIVE_ARCH = YES;
				SDKROOT = iphoneos;
			};
			name = Debug;
		};
		8202639F175EFDB80021384B /* Release */ = {
			isa = XCBuildConfiguration;
			buildSettings = {
				ALWAYS_SEARCH_USER_PATHS = NO;
				CLANG_CXX_LANGUAGE_STANDARD = "gnu++0x";
				CLANG_CXX_LIBRARY = "libc++";
				CLANG_WARN_CONSTANT_CONVERSION = YES;
				CLANG_WARN_EMPTY_BODY = YES;
				CLANG_WARN_ENUM_CONVERSION = YES;
				CLANG_WARN_INT_CONVERSION = YES;
				CLANG_WARN__DUPLICATE_METHOD_MATCH = YES;
				"CODE_SIGN_IDENTITY[sdk=iphoneos*]" = "iPhone Developer";
				COPY_PHASE_STRIP = YES;
				GCC_C_LANGUAGE_STANDARD = gnu99;
				GCC_WARN_ABOUT_RETURN_TYPE = YES;
				GCC_WARN_UNINITIALIZED_AUTOS = YES;
				GCC_WARN_UNUSED_VARIABLE = YES;
				IPHONEOS_DEPLOYMENT_TARGET = 6.1;
				OTHER_CFLAGS = "-DNS_BLOCK_ASSERTIONS=1";
				SDKROOT = iphoneos;
				VALIDATE_PRODUCT = YES;
			};
			name = Release;
		};
		820263A1175EFDB80021384B /* Debug */ = {
			isa = XCBuildConfiguration;
			buildSettings = {
				GCC_PRECOMPILE_PREFIX_HEADER = YES;
				GCC_PREFIX_HEADER = "UTDemo05_practice2/Supporting Files/UTDemo05_practice2-Prefix.pch";
				INFOPLIST_FILE = "UTDemo05_practice2/Supporting Files/UTDemo05_practice2-Info.plist";
				IPHONEOS_DEPLOYMENT_TARGET = 4.3;
				PRODUCT_NAME = "$(TARGET_NAME)";
				WRAPPER_EXTENSION = app;
			};
			name = Debug;
		};
		820263A2175EFDB80021384B /* Release */ = {
			isa = XCBuildConfiguration;
			buildSettings = {
				GCC_PRECOMPILE_PREFIX_HEADER = YES;
				GCC_PREFIX_HEADER = "UTDemo05_practice2/Supporting Files/UTDemo05_practice2-Prefix.pch";
				INFOPLIST_FILE = "UTDemo05_practice2/Supporting Files/UTDemo05_practice2-Info.plist";
				IPHONEOS_DEPLOYMENT_TARGET = 4.3;
				PRODUCT_NAME = "$(TARGET_NAME)";
				WRAPPER_EXTENSION = app;
			};
			name = Release;
		};
/* End XCBuildConfiguration section */

/* Begin XCConfigurationList section */
		8202637E175EFDB80021384B /* Build configuration list for PBXProject "UTDemo05_practice2" */ = {
			isa = XCConfigurationList;
			buildConfigurations = (
				8202639E175EFDB80021384B /* Debug */,
				8202639F175EFDB80021384B /* Release */,
			);
			defaultConfigurationIsVisible = 0;
			defaultConfigurationName = Release;
		};
		820263A0175EFDB80021384B /* Build configuration list for PBXNativeTarget "UTDemo05_practice2" */ = {
			isa = XCConfigurationList;
			buildConfigurations = (
				820263A1175EFDB80021384B /* Debug */,
				820263A2175EFDB80021384B /* Release */,
			);
			defaultConfigurationIsVisible = 0;
		};
/* End XCConfigurationList section */
	};
	rootObject = 8202637B175EFDB80021384B /* Project object */;
}
