// !$*UTF8*$!
{
	archiveVersion = 1;
	classes = {
	};
	objectVersion = 46;
	objects = {

/* Begin PBXBuildFile section */
		82AF58CF1776CE5900570D80 /* MapKit.framework in Frameworks */ = {isa = PBXBuildFile; fileRef = 82AF58CE1776CE5900570D80 /* MapKit.framework */; };
		82AF58D11776CE7300570D80 /* CoreLocation.framework in Frameworks */ = {isa = PBXBuildFile; fileRef = 82AF58D01776CE7300570D80 /* CoreLocation.framework */; };
		82E48CB7176D4F6A00CA83AD /* UIKit.framework in Frameworks */ = {isa = PBXBuildFile; fileRef = 82E48CB6176D4F6A00CA83AD /* UIKit.framework */; };
		82E48CB9176D4F6A00CA83AD /* Foundation.framework in Frameworks */ = {isa = PBXBuildFile; fileRef = 82E48CB8176D4F6A00CA83AD /* Foundation.framework */; };
		82E48CBB176D4F6A00CA83AD /* CoreGraphics.framework in Frameworks */ = {isa = PBXBuildFile; fileRef = 82E48CBA176D4F6A00CA83AD /* CoreGraphics.framework */; };
		82E48D03176D501C00CA83AD /* UTAppDelegate.m in Sources */ = {isa = PBXBuildFile; fileRef = 82E48CD6176D501C00CA83AD /* UTAppDelegate.m */; };
		82E48D04176D501C00CA83AD /* bg1.png in Resources */ = {isa = PBXBuildFile; fileRef = 82E48CE7176D501C00CA83AD /* bg1.png */; };
		82E48D05176D501C00CA83AD /* bg2.png in Resources */ = {isa = PBXBuildFile; fileRef = 82E48CE8176D501C00CA83AD /* bg2.png */; };
		82E48D06176D501C00CA83AD /* bg3.png in Resources */ = {isa = PBXBuildFile; fileRef = 82E48CE9176D501C00CA83AD /* bg3.png */; };
		82E48D07176D501C00CA83AD /* bg4.png in Resources */ = {isa = PBXBuildFile; fileRef = 82E48CEA176D501C00CA83AD /* bg4.png */; };
		82E48D08176D501C00CA83AD /* bg5.png in Resources */ = {isa = PBXBuildFile; fileRef = 82E48CEB176D501C00CA83AD /* bg5.png */; };
		82E48D09176D501C00CA83AD /* blueButton.png in Resources */ = {isa = PBXBuildFile; fileRef = 82E48CEC176D501C00CA83AD /* blueButton.png */; };
		82E48D0A176D501C00CA83AD /* Default.png in Resources */ = {isa = PBXBuildFile; fileRef = 82E48CED176D501C00CA83AD /* Default.png */; };
		82E48D0B176D501C00CA83AD /* dragon.png in Resources */ = {isa = PBXBuildFile; fileRef = 82E48CEE176D501C00CA83AD /* dragon.png */; };
		82E48D0C176D501C00CA83AD /* five.png in Resources */ = {isa = PBXBuildFile; fileRef = 82E48CEF176D501C00CA83AD /* five.png */; };
		82E48D0D176D501C00CA83AD /* five@2x.png in Resources */ = {isa = PBXBuildFile; fileRef = 82E48CF0176D501C00CA83AD /* five@2x.png */; };
		82E48D0E176D501C00CA83AD /* forward.png in Resources */ = {isa = PBXBuildFile; fileRef = 82E48CF1176D501C00CA83AD /* forward.png */; };
		82E48D0F176D501C00CA83AD /* four.png in Resources */ = {isa = PBXBuildFile; fileRef = 82E48CF2176D501C00CA83AD /* four.png */; };
		82E48D10176D501C00CA83AD /* four@2x.png in Resources */ = {isa = PBXBuildFile; fileRef = 82E48CF3176D501C00CA83AD /* four@2x.png */; };
		82E48D11176D501C00CA83AD /* hidden.png in Resources */ = {isa = PBXBuildFile; fileRef = 82E48CF4176D501C00CA83AD /* hidden.png */; };
		82E48D12176D501C00CA83AD /* icon.png in Resources */ = {isa = PBXBuildFile; fileRef = 82E48CF5176D501C00CA83AD /* icon.png */; };
		82E48D13176D501C00CA83AD /* one.png in Resources */ = {isa = PBXBuildFile; fileRef = 82E48CF6176D501C00CA83AD /* one.png */; };
		82E48D14176D501C00CA83AD /* one@2x.png in Resources */ = {isa = PBXBuildFile; fileRef = 82E48CF7176D501C00CA83AD /* one@2x.png */; };
		82E48D15176D501C00CA83AD /* retreat.png in Resources */ = {isa = PBXBuildFile; fileRef = 82E48CF8176D501C00CA83AD /* retreat.png */; };
		82E48D16176D501C00CA83AD /* three.png in Resources */ = {isa = PBXBuildFile; fileRef = 82E48CF9176D501C00CA83AD /* three.png */; };
		82E48D17176D501C00CA83AD /* three@2x.png in Resources */ = {isa = PBXBuildFile; fileRef = 82E48CFA176D501C00CA83AD /* three@2x.png */; };
		82E48D18176D501C00CA83AD /* two.png in Resources */ = {isa = PBXBuildFile; fileRef = 82E48CFB176D501C00CA83AD /* two.png */; };
		82E48D19176D501C00CA83AD /* two@2x.png in Resources */ = {isa = PBXBuildFile; fileRef = 82E48CFC176D501C00CA83AD /* two@2x.png */; };
		82E48D1A176D501C00CA83AD /* whiteButton.png in Resources */ = {isa = PBXBuildFile; fileRef = 82E48CFD176D501C00CA83AD /* whiteButton.png */; };
		82E48D1B176D501C00CA83AD /* main.m in Sources */ = {isa = PBXBuildFile; fileRef = 82E48D00176D501C00CA83AD /* main.m */; };
		82E48D1F176D506300CA83AD /* Default-568h@2x.png in Resources */ = {isa = PBXBuildFile; fileRef = 82E48D1D176D506300CA83AD /* Default-568h@2x.png */; };
		82E48D20176D506300CA83AD /* Default@2x.png in Resources */ = {isa = PBXBuildFile; fileRef = 82E48D1E176D506300CA83AD /* Default@2x.png */; };
		82E48D23176D508000CA83AD /* UTBaseViewController.m in Sources */ = {isa = PBXBuildFile; fileRef = 82E48D22176D508000CA83AD /* UTBaseViewController.m */; };
		82E48D27176D508B00CA83AD /* UTFiveViewController.m in Sources */ = {isa = PBXBuildFile; fileRef = 82E48D25176D508B00CA83AD /* UTFiveViewController.m */; };
		82E48D2C176D509200CA83AD /* UTFourViewController.m in Sources */ = {isa = PBXBuildFile; fileRef = 82E48D2A176D509200CA83AD /* UTFourViewController.m */; };
		82E48D31176D509A00CA83AD /* UTOneViewController.m in Sources */ = {isa = PBXBuildFile; fileRef = 82E48D2F176D509A00CA83AD /* UTOneViewController.m */; };
		82E48D36176D50A100CA83AD /* UTThreeViewController.m in Sources */ = {isa = PBXBuildFile; fileRef = 82E48D34176D50A100CA83AD /* UTThreeViewController.m */; };
		82E48D3B176D50A700CA83AD /* UTTwoViewController.m in Sources */ = {isa = PBXBuildFile; fileRef = 82E48D39176D50A700CA83AD /* UTTwoViewController.m */; };
		82E48D47176D50E300CA83AD /* UTFiveViewController.xib in Resources */ = {isa = PBXBuildFile; fileRef = 82E48D3E176D50E300CA83AD /* UTFiveViewController.xib */; };
		82E48D48176D50E300CA83AD /* UTFourViewController.xib in Resources */ = {isa = PBXBuildFile; fileRef = 82E48D40176D50E300CA83AD /* UTFourViewController.xib */; };
		82E48D49176D50E300CA83AD /* UTOneViewController.xib in Resources */ = {isa = PBXBuildFile; fileRef = 82E48D42176D50E300CA83AD /* UTOneViewController.xib */; };
		82E48D4A176D50E300CA83AD /* UTThreeViewController.xib in Resources */ = {isa = PBXBuildFile; fileRef = 82E48D44176D50E300CA83AD /* UTThreeViewController.xib */; };
		82E48D4B176D50E300CA83AD /* UTTwoViewController.xib in Resources */ = {isa = PBXBuildFile; fileRef = 82E48D46176D50E300CA83AD /* UTTwoViewController.xib */; };
		82E48D4E176D64DA00CA83AD /* UTSubViewController.m in Sources */ = {isa = PBXBuildFile; fileRef = 82E48D4D176D64DA00CA83AD /* UTSubViewController.m */; };
		82ED652D177FE0B000A4D2C8 /* UTAnnotation.m in Sources */ = {isa = PBXBuildFile; fileRef = 82ED652C177FE0B000A4D2C8 /* UTAnnotation.m */; };
/* End PBXBuildFile section */

/* Begin PBXFileReference section */
		82AF58CE1776CE5900570D80 /* MapKit.framework */ = {isa = PBXFileReference; lastKnownFileType = wrapper.framework; name = MapKit.framework; path = System/Library/Frameworks/MapKit.framework; sourceTree = SDKROOT; };
		82AF58D01776CE7300570D80 /* CoreLocation.framework */ = {isa = PBXFileReference; lastKnownFileType = wrapper.framework; name = CoreLocation.framework; path = System/Library/Frameworks/CoreLocation.framework; sourceTree = SDKROOT; };
		82E48CB3176D4F6A00CA83AD /* UTDemo06.app */ = {isa = PBXFileReference; explicitFileType = wrapper.application; includeInIndex = 0; path = UTDemo06.app; sourceTree = BUILT_PRODUCTS_DIR; };
		82E48CB6176D4F6A00CA83AD /* UIKit.framework */ = {isa = PBXFileReference; lastKnownFileType = wrapper.framework; name = UIKit.framework; path = System/Library/Frameworks/UIKit.framework; sourceTree = SDKROOT; };
		82E48CB8176D4F6A00CA83AD /* Foundation.framework */ = {isa = PBXFileReference; lastKnownFileType = wrapper.framework; name = Foundation.framework; path = System/Library/Frameworks/Foundation.framework; sourceTree = SDKROOT; };
		82E48CBA176D4F6A00CA83AD /* CoreGraphics.framework */ = {isa = PBXFileReference; lastKnownFileType = wrapper.framework; name = CoreGraphics.framework; path = System/Library/Frameworks/CoreGraphics.framework; sourceTree = SDKROOT; };
		82E48CD5176D501C00CA83AD /* UTAppDelegate.h */ = {isa = PBXFileReference; fileEncoding = 4; lastKnownFileType = sourcecode.c.h; path = UTAppDelegate.h; sourceTree = "<group>"; };
		82E48CD6176D501C00CA83AD /* UTAppDelegate.m */ = {isa = PBXFileReference; fileEncoding = 4; lastKnownFileType = sourcecode.c.objc; path = UTAppDelegate.m; sourceTree = "<group>"; };
		82E48CE7176D501C00CA83AD /* bg1.png */ = {isa = PBXFileReference; lastKnownFileType = image.png; path = bg1.png; sourceTree = "<group>"; };
		82E48CE8176D501C00CA83AD /* bg2.png */ = {isa = PBXFileReference; lastKnownFileType = image.png; path = bg2.png; sourceTree = "<group>"; };
		82E48CE9176D501C00CA83AD /* bg3.png */ = {isa = PBXFileReference; lastKnownFileType = image.png; path = bg3.png; sourceTree = "<group>"; };
		82E48CEA176D501C00CA83AD /* bg4.png */ = {isa = PBXFileReference; lastKnownFileType = image.png; path = bg4.png; sourceTree = "<group>"; };
		82E48CEB176D501C00CA83AD /* bg5.png */ = {isa = PBXFileReference; lastKnownFileType = image.png; path = bg5.png; sourceTree = "<group>"; };
		82E48CEC176D501C00CA83AD /* blueButton.png */ = {isa = PBXFileReference; lastKnownFileType = image.png; path = blueButton.png; sourceTree = "<group>"; };
		82E48CED176D501C00CA83AD /* Default.png */ = {isa = PBXFileReference; lastKnownFileType = image.png; path = Default.png; sourceTree = "<group>"; };
		82E48CEE176D501C00CA83AD /* dragon.png */ = {isa = PBXFileReference; lastKnownFileType = image.png; path = dragon.png; sourceTree = "<group>"; };
		82E48CEF176D501C00CA83AD /* five.png */ = {isa = PBXFileReference; lastKnownFileType = image.png; path = five.png; sourceTree = "<group>"; };
		82E48CF0176D501C00CA83AD /* five@2x.png */ = {isa = PBXFileReference; lastKnownFileType = image.png; path = "five@2x.png"; sourceTree = "<group>"; };
		82E48CF1176D501C00CA83AD /* forward.png */ = {isa = PBXFileReference; lastKnownFileType = image.png; path = forward.png; sourceTree = "<group>"; };
		82E48CF2176D501C00CA83AD /* four.png */ = {isa = PBXFileReference; lastKnownFileType = image.png; path = four.png; sourceTree = "<group>"; };
		82E48CF3176D501C00CA83AD /* four@2x.png */ = {isa = PBXFileReference; lastKnownFileType = image.png; path = "four@2x.png"; sourceTree = "<group>"; };
		82E48CF4176D501C00CA83AD /* hidden.png */ = {isa = PBXFileReference; lastKnownFileType = image.png; path = hidden.png; sourceTree = "<group>"; };
		82E48CF5176D501C00CA83AD /* icon.png */ = {isa = PBXFileReference; lastKnownFileType = image.png; path = icon.png; sourceTree = "<group>"; };
		82E48CF6176D501C00CA83AD /* one.png */ = {isa = PBXFileReference; lastKnownFileType = image.png; path = one.png; sourceTree = "<group>"; };
		82E48CF7176D501C00CA83AD /* one@2x.png */ = {isa = PBXFileReference; lastKnownFileType = image.png; path = "one@2x.png"; sourceTree = "<group>"; };
		82E48CF8176D501C00CA83AD /* retreat.png */ = {isa = PBXFileReference; lastKnownFileType = image.png; path = retreat.png; sourceTree = "<group>"; };
		82E48CF9176D501C00CA83AD /* three.png */ = {isa = PBXFileReference; lastKnownFileType = image.png; path = three.png; sourceTree = "<group>"; };
		82E48CFA176D501C00CA83AD /* three@2x.png */ = {isa = PBXFileReference; lastKnownFileType = image.png; path = "three@2x.png"; sourceTree = "<group>"; };
		82E48CFB176D501C00CA83AD /* two.png */ = {isa = PBXFileReference; lastKnownFileType = image.png; path = two.png; sourceTree = "<group>"; };
		82E48CFC176D501C00CA83AD /* two@2x.png */ = {isa = PBXFileReference; lastKnownFileType = image.png; path = "two@2x.png"; sourceTree = "<group>"; };
		82E48CFD176D501C00CA83AD /* whiteButton.png */ = {isa = PBXFileReference; lastKnownFileType = image.png; path = whiteButton.png; sourceTree = "<group>"; };
		82E48D00176D501C00CA83AD /* main.m */ = {isa = PBXFileReference; fileEncoding = 4; lastKnownFileType = sourcecode.c.objc; path = main.m; sourceTree = "<group>"; };
		82E48D01176D501C00CA83AD /* UTDemo06-Info.plist */ = {isa = PBXFileReference; fileEncoding = 4; lastKnownFileType = text.plist.xml; path = "UTDemo06-Info.plist"; sourceTree = "<group>"; };
		82E48D02176D501C00CA83AD /* UTDemo06-Prefix.pch */ = {isa = PBXFileReference; fileEncoding = 4; lastKnownFileType = sourcecode.c.h; path = "UTDemo06-Prefix.pch"; sourceTree = "<group>"; };
		82E48D1D176D506300CA83AD /* Default-568h@2x.png */ = {isa = PBXFileReference; lastKnownFileType = image.png; path = "Default-568h@2x.png"; sourceTree = "<group>"; };
		82E48D1E176D506300CA83AD /* Default@2x.png */ = {isa = PBXFileReference; lastKnownFileType = image.png; path = "Default@2x.png"; sourceTree = "<group>"; };
		82E48D21176D508000CA83AD /* UTBaseViewController.h */ = {isa = PBXFileReference; fileEncoding = 4; lastKnownFileType = sourcecode.c.h; path = UTBaseViewController.h; sourceTree = "<group>"; };
		82E48D22176D508000CA83AD /* UTBaseViewController.m */ = {isa = PBXFileReference; fileEncoding = 4; lastKnownFileType = sourcecode.c.objc; path = UTBaseViewController.m; sourceTree = "<group>"; };
		82E48D24176D508B00CA83AD /* UTFiveViewController.h */ = {isa = PBXFileReference; fileEncoding = 4; lastKnownFileType = sourcecode.c.h; path = UTFiveViewController.h; sourceTree = "<group>"; };
		82E48D25176D508B00CA83AD /* UTFiveViewController.m */ = {isa = PBXFileReference; fileEncoding = 4; lastKnownFileType = sourcecode.c.objc; path = UTFiveViewController.m; sourceTree = "<group>"; };
		82E48D29176D509200CA83AD /* UTFourViewController.h */ = {isa = PBXFileReference; fileEncoding = 4; lastKnownFileType = sourcecode.c.h; path = UTFourViewController.h; sourceTree = "<group>"; };
		82E48D2A176D509200CA83AD /* UTFourViewController.m */ = {isa = PBXFileReference; fileEncoding = 4; lastKnownFileType = sourcecode.c.objc; path = UTFourViewController.m; sourceTree = "<group>"; };
		82E48D2E176D509A00CA83AD /* UTOneViewController.h */ = {isa = PBXFileReference; fileEncoding = 4; lastKnownFileType = sourcecode.c.h; path = UTOneViewController.h; sourceTree = "<group>"; };
		82E48D2F176D509A00CA83AD /* UTOneViewController.m */ = {isa = PBXFileReference; fileEncoding = 4; lastKnownFileType = sourcecode.c.objc; path = UTOneViewController.m; sourceTree = "<group>"; };
		82E48D33176D50A100CA83AD /* UTThreeViewController.h */ = {isa = PBXFileReference; fileEncoding = 4; lastKnownFileType = sourcecode.c.h; path = UTThreeViewController.h; sourceTree = "<group>"; };
		82E48D34176D50A100CA83AD /* UTThreeViewController.m */ = {isa = PBXFileReference; fileEncoding = 4; lastKnownFileType = sourcecode.c.objc; path = UTThreeViewController.m; sourceTree = "<group>"; };
		82E48D38176D50A700CA83AD /* UTTwoViewController.h */ = {isa = PBXFileReference; fileEncoding = 4; lastKnownFileType = sourcecode.c.h; path = UTTwoViewController.h; sourceTree = "<group>"; };
		82E48D39176D50A700CA83AD /* UTTwoViewController.m */ = {isa = PBXFileReference; fileEncoding = 4; lastKnownFileType = sourcecode.c.objc; path = UTTwoViewController.m; sourceTree = "<group>"; };
		82E48D3E176D50E300CA83AD /* UTFiveViewController.xib */ = {isa = PBXFileReference; fileEncoding = 4; lastKnownFileType = file.xib; path = UTFiveViewController.xib; sourceTree = "<group>"; };
		82E48D40176D50E300CA83AD /* UTFourViewController.xib */ = {isa = PBXFileReference; fileEncoding = 4; lastKnownFileType = file.xib; path = UTFourViewController.xib; sourceTree = "<group>"; };
		82E48D42176D50E300CA83AD /* UTOneViewController.xib */ = {isa = PBXFileReference; fileEncoding = 4; lastKnownFileType = file.xib; path = UTOneViewController.xib; sourceTree = "<group>"; };
		82E48D44176D50E300CA83AD /* UTThreeViewController.xib */ = {isa = PBXFileReference; fileEncoding = 4; lastKnownFileType = file.xib; path = UTThreeViewController.xib; sourceTree = "<group>"; };
		82E48D46176D50E300CA83AD /* UTTwoViewController.xib */ = {isa = PBXFileReference; fileEncoding = 4; lastKnownFileType = file.xib; path = UTTwoViewController.xib; sourceTree = "<group>"; };
		82E48D4C176D64DA00CA83AD /* UTSubViewController.h */ = {isa = PBXFileReference; fileEncoding = 4; lastKnownFileType = sourcecode.c.h; path = UTSubViewController.h; sourceTree = "<group>"; };
		82E48D4D176D64DA00CA83AD /* UTSubViewController.m */ = {isa = PBXFileReference; fileEncoding = 4; lastKnownFileType = sourcecode.c.objc; path = UTSubViewController.m; sourceTree = "<group>"; };
		82ED652B177FE0B000A4D2C8 /* UTAnnotation.h */ = {isa = PBXFileReference; fileEncoding = 4; lastKnownFileType = sourcecode.c.h; path = UTAnnotation.h; sourceTree = "<group>"; };
		82ED652C177FE0B000A4D2C8 /* UTAnnotation.m */ = {isa = PBXFileReference; fileEncoding = 4; lastKnownFileType = sourcecode.c.objc; path = UTAnnotation.m; sourceTree = "<group>"; };
/* End PBXFileReference section */

/* Begin PBXFrameworksBuildPhase section */
		82E48CB0176D4F6A00CA83AD /* Frameworks */ = {
			isa = PBXFrameworksBuildPhase;
			buildActionMask = 2147483647;
			files = (
				82AF58D11776CE7300570D80 /* CoreLocation.framework in Frameworks */,
				82AF58CF1776CE5900570D80 /* MapKit.framework in Frameworks */,
				82E48CB7176D4F6A00CA83AD /* UIKit.framework in Frameworks */,
				82E48CB9176D4F6A00CA83AD /* Foundation.framework in Frameworks */,
				82E48CBB176D4F6A00CA83AD /* CoreGraphics.framework in Frameworks */,
			);
			runOnlyForDeploymentPostprocessing = 0;
		};
/* End PBXFrameworksBuildPhase section */

/* Begin PBXGroup section */
		82E48CAA176D4F6A00CA83AD = {
			isa = PBXGroup;
			children = (
				82E48CBC176D4F6A00CA83AD /* UTDemo06 */,
				82E48CB5176D4F6A00CA83AD /* Frameworks */,
				82E48CB4176D4F6A00CA83AD /* Products */,
			);
			sourceTree = "<group>";
		};
		82E48CB4176D4F6A00CA83AD /* Products */ = {
			isa = PBXGroup;
			children = (
				82E48CB3176D4F6A00CA83AD /* UTDemo06.app */,
			);
			name = Products;
			sourceTree = "<group>";
		};
		82E48CB5176D4F6A00CA83AD /* Frameworks */ = {
			isa = PBXGroup;
			children = (
				82AF58D01776CE7300570D80 /* CoreLocation.framework */,
				82AF58CE1776CE5900570D80 /* MapKit.framework */,
				82E48CB6176D4F6A00CA83AD /* UIKit.framework */,
				82E48CB8176D4F6A00CA83AD /* Foundation.framework */,
				82E48CBA176D4F6A00CA83AD /* CoreGraphics.framework */,
			);
			name = Frameworks;
			sourceTree = "<group>";
		};
		82E48CBC176D4F6A00CA83AD /* UTDemo06 */ = {
			isa = PBXGroup;
			children = (
				82E48CD3176D501C00CA83AD /* Classes */,
				82E48CE5176D501C00CA83AD /* Resources */,
				82E48CFF176D501C00CA83AD /* Supporting Files */,
			);
			path = UTDemo06;
			sourceTree = "<group>";
		};
		82E48CD3176D501C00CA83AD /* Classes */ = {
			isa = PBXGroup;
			children = (
				82E48CD4176D501C00CA83AD /* AppDelegate */,
				82E48CD7176D501C00CA83AD /* Components */,
				82E48CD8176D501C00CA83AD /* Controllers */,
				82E48CDF176D501C00CA83AD /* Globals */,
				82E48CE0176D501C00CA83AD /* Models */,
				82E48CE1176D501C00CA83AD /* Parsers */,
				82E48CE2176D501C00CA83AD /* Publics */,
				82E48CE3176D501C00CA83AD /* Requests */,
				82E48CE4176D501C00CA83AD /* Utils */,
			);
			path = Classes;
			sourceTree = "<group>";
		};
		82E48CD4176D501C00CA83AD /* AppDelegate */ = {
			isa = PBXGroup;
			children = (
				82E48CD5176D501C00CA83AD /* UTAppDelegate.h */,
				82E48CD6176D501C00CA83AD /* UTAppDelegate.m */,
			);
			path = AppDelegate;
			sourceTree = "<group>";
		};
		82E48CD7176D501C00CA83AD /* Components */ = {
			isa = PBXGroup;
			children = (
			);
			path = Components;
			sourceTree = "<group>";
		};
		82E48CD8176D501C00CA83AD /* Controllers */ = {
			isa = PBXGroup;
			children = (
				82E48CD9176D501C00CA83AD /* Base */,
				82E48CDA176D501C00CA83AD /* Five */,
				82E48CDB176D501C00CA83AD /* Four */,
				82E48CDC176D501C00CA83AD /* One */,
				82E48CDD176D501C00CA83AD /* Three */,
				82E48CDE176D501C00CA83AD /* Two */,
			);
			path = Controllers;
			sourceTree = "<group>";
		};
		82E48CD9176D501C00CA83AD /* Base */ = {
			isa = PBXGroup;
			children = (
				82E48D21176D508000CA83AD /* UTBaseViewController.h */,
				82E48D22176D508000CA83AD /* UTBaseViewController.m */,
			);
			path = Base;
			sourceTree = "<group>";
		};
		82E48CDA176D501C00CA83AD /* Five */ = {
			isa = PBXGroup;
			children = (
				82E48D24176D508B00CA83AD /* UTFiveViewController.h */,
				82E48D25176D508B00CA83AD /* UTFiveViewController.m */,
			);
			path = Five;
			sourceTree = "<group>";
		};
		82E48CDB176D501C00CA83AD /* Four */ = {
			isa = PBXGroup;
			children = (
				82E48D29176D509200CA83AD /* UTFourViewController.h */,
				82E48D2A176D509200CA83AD /* UTFourViewController.m */,
			);
			path = Four;
			sourceTree = "<group>";
		};
		82E48CDC176D501C00CA83AD /* One */ = {
			isa = PBXGroup;
			children = (
				82E48D2E176D509A00CA83AD /* UTOneViewController.h */,
				82E48D2F176D509A00CA83AD /* UTOneViewController.m */,
				82E48D4C176D64DA00CA83AD /* UTSubViewController.h */,
				82E48D4D176D64DA00CA83AD /* UTSubViewController.m */,
			);
			path = One;
			sourceTree = "<group>";
		};
		82E48CDD176D501C00CA83AD /* Three */ = {
			isa = PBXGroup;
			children = (
				82E48D33176D50A100CA83AD /* UTThreeViewController.h */,
				82E48D34176D50A100CA83AD /* UTThreeViewController.m */,
			);
			path = Three;
			sourceTree = "<group>";
		};
		82E48CDE176D501C00CA83AD /* Two */ = {
			isa = PBXGroup;
			children = (
				82E48D38176D50A700CA83AD /* UTTwoViewController.h */,
				82E48D39176D50A700CA83AD /* UTTwoViewController.m */,
			);
			path = Two;
			sourceTree = "<group>";
		};
		82E48CDF176D501C00CA83AD /* Globals */ = {
			isa = PBXGroup;
			children = (
			);
			path = Globals;
			sourceTree = "<group>";
		};
		82E48CE0176D501C00CA83AD /* Models */ = {
			isa = PBXGroup;
			children = (
				82ED652B177FE0B000A4D2C8 /* UTAnnotation.h */,
				82ED652C177FE0B000A4D2C8 /* UTAnnotation.m */,
			);
			path = Models;
			sourceTree = "<group>";
		};
		82E48CE1176D501C00CA83AD /* Parsers */ = {
			isa = PBXGroup;
			children = (
			);
			path = Parsers;
			sourceTree = "<group>";
		};
		82E48CE2176D501C00CA83AD /* Publics */ = {
			isa = PBXGroup;
			children = (
			);
			path = Publics;
			sourceTree = "<group>";
		};
		82E48CE3176D501C00CA83AD /* Requests */ = {
			isa = PBXGroup;
			children = (
			);
			path = Requests;
			sourceTree = "<group>";
		};
		82E48CE4176D501C00CA83AD /* Utils */ = {
			isa = PBXGroup;
			children = (
			);
			path = Utils;
			sourceTree = "<group>";
		};
		82E48CE5176D501C00CA83AD /* Resources */ = {
			isa = PBXGroup;
			children = (
				82E48CE6176D501C00CA83AD /* Images */,
				82E48CFE176D501C00CA83AD /* XIBs */,
			);
			path = Resources;
			sourceTree = "<group>";
		};
		82E48CE6176D501C00CA83AD /* Images */ = {
			isa = PBXGroup;
			children = (
				82E48D1D176D506300CA83AD /* Default-568h@2x.png */,
				82E48D1E176D506300CA83AD /* Default@2x.png */,
				82E48CE7176D501C00CA83AD /* bg1.png */,
				82E48CE8176D501C00CA83AD /* bg2.png */,
				82E48CE9176D501C00CA83AD /* bg3.png */,
				82E48CEA176D501C00CA83AD /* bg4.png */,
				82E48CEB176D501C00CA83AD /* bg5.png */,
				82E48CEC176D501C00CA83AD /* blueButton.png */,
				82E48CED176D501C00CA83AD /* Default.png */,
				82E48CEE176D501C00CA83AD /* dragon.png */,
				82E48CEF176D501C00CA83AD /* five.png */,
				82E48CF0176D501C00CA83AD /* five@2x.png */,
				82E48CF1176D501C00CA83AD /* forward.png */,
				82E48CF2176D501C00CA83AD /* four.png */,
				82E48CF3176D501C00CA83AD /* four@2x.png */,
				82E48CF4176D501C00CA83AD /* hidden.png */,
				82E48CF5176D501C00CA83AD /* icon.png */,
				82E48CF6176D501C00CA83AD /* one.png */,
				82E48CF7176D501C00CA83AD /* one@2x.png */,
				82E48CF8176D501C00CA83AD /* retreat.png */,
				82E48CF9176D501C00CA83AD /* three.png */,
				82E48CFA176D501C00CA83AD /* three@2x.png */,
				82E48CFB176D501C00CA83AD /* two.png */,
				82E48CFC176D501C00CA83AD /* two@2x.png */,
				82E48CFD176D501C00CA83AD /* whiteButton.png */,
			);
			path = Images;
			sourceTree = "<group>";
		};
		82E48CFE176D501C00CA83AD /* XIBs */ = {
			isa = PBXGroup;
			children = (
				82E48D3D176D50E300CA83AD /* Five */,
				82E48D3F176D50E300CA83AD /* Four */,
				82E48D41176D50E300CA83AD /* One */,
				82E48D43176D50E300CA83AD /* Three */,
				82E48D45176D50E300CA83AD /* Two */,
			);
			path = XIBs;
			sourceTree = "<group>";
		};
		82E48CFF176D501C00CA83AD /* Supporting Files */ = {
			isa = PBXGroup;
			children = (
				82E48D00176D501C00CA83AD /* main.m */,
				82E48D01176D501C00CA83AD /* UTDemo06-Info.plist */,
				82E48D02176D501C00CA83AD /* UTDemo06-Prefix.pch */,
			);
			path = "Supporting Files";
			sourceTree = "<group>";
		};
		82E48D3D176D50E300CA83AD /* Five */ = {
			isa = PBXGroup;
			children = (
				82E48D3E176D50E300CA83AD /* UTFiveViewController.xib */,
			);
			path = Five;
			sourceTree = "<group>";
		};
		82E48D3F176D50E300CA83AD /* Four */ = {
			isa = PBXGroup;
			children = (
				82E48D40176D50E300CA83AD /* UTFourViewController.xib */,
			);
			path = Four;
			sourceTree = "<group>";
		};
		82E48D41176D50E300CA83AD /* One */ = {
			isa = PBXGroup;
			children = (
				82E48D42176D50E300CA83AD /* UTOneViewController.xib */,
			);
			path = One;
			sourceTree = "<group>";
		};
		82E48D43176D50E300CA83AD /* Three */ = {
			isa = PBXGroup;
			children = (
				82E48D44176D50E300CA83AD /* UTThreeViewController.xib */,
			);
			path = Three;
			sourceTree = "<group>";
		};
		82E48D45176D50E300CA83AD /* Two */ = {
			isa = PBXGroup;
			children = (
				82E48D46176D50E300CA83AD /* UTTwoViewController.xib */,
			);
			path = Two;
			sourceTree = "<group>";
		};
/* End PBXGroup section */

/* Begin PBXNativeTarget section */
		82E48CB2176D4F6A00CA83AD /* UTDemo06 */ = {
			isa = PBXNativeTarget;
			buildConfigurationList = 82E48CD0176D4F6A00CA83AD /* Build configuration list for PBXNativeTarget "UTDemo06" */;
			buildPhases = (
				82E48CAF176D4F6A00CA83AD /* Sources */,
				82E48CB0176D4F6A00CA83AD /* Frameworks */,
				82E48CB1176D4F6A00CA83AD /* Resources */,
			);
			buildRules = (
			);
			dependencies = (
			);
			name = UTDemo06;
			productName = UTDemo06;
			productReference = 82E48CB3176D4F6A00CA83AD /* UTDemo06.app */;
			productType = "com.apple.product-type.application";
		};
/* End PBXNativeTarget section */

/* Begin PBXProject section */
		82E48CAB176D4F6A00CA83AD /* Project object */ = {
			isa = PBXProject;
			attributes = {
				CLASSPREFIX = UT;
				LastUpgradeCheck = 0460;
				ORGANIZATIONNAME = "Hivan Du";
			};
			buildConfigurationList = 82E48CAE176D4F6A00CA83AD /* Build configuration list for PBXProject "UTDemo06" */;
			compatibilityVersion = "Xcode 3.2";
			developmentRegion = English;
			hasScannedForEncodings = 0;
			knownRegions = (
				en,
			);
			mainGroup = 82E48CAA176D4F6A00CA83AD;
			productRefGroup = 82E48CB4176D4F6A00CA83AD /* Products */;
			projectDirPath = "";
			projectRoot = "";
			targets = (
				82E48CB2176D4F6A00CA83AD /* UTDemo06 */,
			);
		};
/* End PBXProject section */

/* Begin PBXResourcesBuildPhase section */
		82E48CB1176D4F6A00CA83AD /* Resources */ = {
			isa = PBXResourcesBuildPhase;
			buildActionMask = 2147483647;
			files = (
				82E48D04176D501C00CA83AD /* bg1.png in Resources */,
				82E48D05176D501C00CA83AD /* bg2.png in Resources */,
				82E48D06176D501C00CA83AD /* bg3.png in Resources */,
				82E48D07176D501C00CA83AD /* bg4.png in Resources */,
				82E48D08176D501C00CA83AD /* bg5.png in Resources */,
				82E48D09176D501C00CA83AD /* blueButton.png in Resources */,
				82E48D0A176D501C00CA83AD /* Default.png in Resources */,
				82E48D0B176D501C00CA83AD /* dragon.png in Resources */,
				82E48D0C176D501C00CA83AD /* five.png in Resources */,
				82E48D0D176D501C00CA83AD /* five@2x.png in Resources */,
				82E48D0E176D501C00CA83AD /* forward.png in Resources */,
				82E48D0F176D501C00CA83AD /* four.png in Resources */,
				82E48D10176D501C00CA83AD /* four@2x.png in Resources */,
				82E48D11176D501C00CA83AD /* hidden.png in Resources */,
				82E48D12176D501C00CA83AD /* icon.png in Resources */,
				82E48D13176D501C00CA83AD /* one.png in Resources */,
				82E48D14176D501C00CA83AD /* one@2x.png in Resources */,
				82E48D15176D501C00CA83AD /* retreat.png in Resources */,
				82E48D16176D501C00CA83AD /* three.png in Resources */,
				82E48D17176D501C00CA83AD /* three@2x.png in Resources */,
				82E48D18176D501C00CA83AD /* two.png in Resources */,
				82E48D19176D501C00CA83AD /* two@2x.png in Resources */,
				82E48D1A176D501C00CA83AD /* whiteButton.png in Resources */,
				82E48D1F176D506300CA83AD /* Default-568h@2x.png in Resources */,
				82E48D20176D506300CA83AD /* Default@2x.png in Resources */,
				82E48D47176D50E300CA83AD /* UTFiveViewController.xib in Resources */,
				82E48D48176D50E300CA83AD /* UTFourViewController.xib in Resources */,
				82E48D49176D50E300CA83AD /* UTOneViewController.xib in Resources */,
				82E48D4A176D50E300CA83AD /* UTThreeViewController.xib in Resources */,
				82E48D4B176D50E300CA83AD /* UTTwoViewController.xib in Resources */,
			);
			runOnlyForDeploymentPostprocessing = 0;
		};
/* End PBXResourcesBuildPhase section */

/* Begin PBXSourcesBuildPhase section */
		82E48CAF176D4F6A00CA83AD /* Sources */ = {
			isa = PBXSourcesBuildPhase;
			buildActionMask = 2147483647;
			files = (
				82E48D03176D501C00CA83AD /* UTAppDelegate.m in Sources */,
				82E48D1B176D501C00CA83AD /* main.m in Sources */,
				82E48D23176D508000CA83AD /* UTBaseViewController.m in Sources */,
				82E48D27176D508B00CA83AD /* UTFiveViewController.m in Sources */,
				82E48D2C176D509200CA83AD /* UTFourViewController.m in Sources */,
				82E48D31176D509A00CA83AD /* UTOneViewController.m in Sources */,
				82E48D36176D50A100CA83AD /* UTThreeViewController.m in Sources */,
				82E48D3B176D50A700CA83AD /* UTTwoViewController.m in Sources */,
				82E48D4E176D64DA00CA83AD /* UTSubViewController.m in Sources */,
				82ED652D177FE0B000A4D2C8 /* UTAnnotation.m in Sources */,
			);
			runOnlyForDeploymentPostprocessing = 0;
		};
/* End PBXSourcesBuildPhase section */

/* Begin XCBuildConfiguration section */
		82E48CCE176D4F6A00CA83AD /* Debug */ = {
			isa = XCBuildConfiguration;
			buildSettings = {
				ALWAYS_SEARCH_USER_PATHS = NO;
				CLANG_CXX_LANGUAGE_STANDARD = "gnu++0x";
				CLANG_CXX_LIBRARY = "libc++";
				CLANG_WARN_CONSTANT_CONVERSION = YES;
				CLANG_WARN_EMPTY_BODY = YES;
				CLANG_WARN_ENUM_CONVERSION = YES;
				CLANG_WARN_INT_CONVERSION = YES;
				CLANG_WARN__DUPLICATE_METHOD_MATCH = YES;
				"CODE_SIGN_IDENTITY[sdk=iphoneos*]" = "iPhone Developer";
				COPY_PHASE_STRIP = NO;
				GCC_C_LANGUAGE_STANDARD = gnu99;
				GCC_DYNAMIC_NO_PIC = NO;
				GCC_OPTIMIZATION_LEVEL = 0;
				GCC_PREPROCESSOR_DEFINITIONS = (
					"DEBUG=1",
					"$(inherited)",
				);
				GCC_SYMBOLS_PRIVATE_EXTERN = NO;
				GCC_WARN_ABOUT_RETURN_TYPE = YES;
				GCC_WARN_UNINITIALIZED_AUTOS = YES;
				GCC_WARN_UNUSED_VARIABLE = YES;
				IPHONEOS_DEPLOYMENT_TARGET = 6.1;
				ONLY_ACTIVE_ARCH = YES;
				SDKROOT = iphoneos;
			};
			name = Debug;
		};
		82E48CCF176D4F6A00CA83AD /* Release */ = {
			isa = XCBuildConfiguration;
			buildSettings = {
				ALWAYS_SEARCH_USER_PATHS = NO;
				CLANG_CXX_LANGUAGE_STANDARD = "gnu++0x";
				CLANG_CXX_LIBRARY = "libc++";
				CLANG_WARN_CONSTANT_CONVERSION = YES;
				CLANG_WARN_EMPTY_BODY = YES;
				CLANG_WARN_ENUM_CONVERSION = YES;
				CLANG_WARN_INT_CONVERSION = YES;
				CLANG_WARN__DUPLICATE_METHOD_MATCH = YES;
				"CODE_SIGN_IDENTITY[sdk=iphoneos*]" = "iPhone Developer";
				COPY_PHASE_STRIP = YES;
				GCC_C_LANGUAGE_STANDARD = gnu99;
				GCC_WARN_ABOUT_RETURN_TYPE = YES;
				GCC_WARN_UNINITIALIZED_AUTOS = YES;
				GCC_WARN_UNUSED_VARIABLE = YES;
				IPHONEOS_DEPLOYMENT_TARGET = 6.1;
				OTHER_CFLAGS = "-DNS_BLOCK_ASSERTIONS=1";
				SDKROOT = iphoneos;
				VALIDATE_PRODUCT = YES;
			};
			name = Release;
		};
		82E48CD1176D4F6A00CA83AD /* Debug */ = {
			isa = XCBuildConfiguration;
			buildSettings = {
				GCC_PRECOMPILE_PREFIX_HEADER = YES;
				GCC_PREFIX_HEADER = "UTDemo06/Supporting Files/UTDemo06-Prefix.pch";
				INFOPLIST_FILE = "UTDemo06/Supporting Files/UTDemo06-Info.plist";
				IPHONEOS_DEPLOYMENT_TARGET = 4.3;
				PRODUCT_NAME = "$(TARGET_NAME)";
				WRAPPER_EXTENSION = app;
			};
			name = Debug;
		};
		82E48CD2176D4F6A00CA83AD /* Release */ = {
			isa = XCBuildConfiguration;
			buildSettings = {
				GCC_PRECOMPILE_PREFIX_HEADER = YES;
				GCC_PREFIX_HEADER = "UTDemo06/Supporting Files/UTDemo06-Prefix.pch";
				INFOPLIST_FILE = "UTDemo06/Supporting Files/UTDemo06-Info.plist";
				IPHONEOS_DEPLOYMENT_TARGET = 4.3;
				PRODUCT_NAME = "$(TARGET_NAME)";
				WRAPPER_EXTENSION = app;
			};
			name = Release;
		};
/* End XCBuildConfiguration section */

/* Begin XCConfigurationList section */
		82E48CAE176D4F6A00CA83AD /* Build configuration list for PBXProject "UTDemo06" */ = {
			isa = XCConfigurationList;
			buildConfigurations = (
				82E48CCE176D4F6A00CA83AD /* Debug */,
				82E48CCF176D4F6A00CA83AD /* Release */,
			);
			defaultConfigurationIsVisible = 0;
			defaultConfigurationName = Release;
		};
		82E48CD0176D4F6A00CA83AD /* Build configuration list for PBXNativeTarget "UTDemo06" */ = {
			isa = XCConfigurationList;
			buildConfigurations = (
				82E48CD1176D4F6A00CA83AD /* Debug */,
				82E48CD2176D4F6A00CA83AD /* Release */,
			);
			defaultConfigurationIsVisible = 0;
			defaultConfigurationName = Release;
		};
/* End XCConfigurationList section */
	};
	rootObject = 82E48CAB176D4F6A00CA83AD /* Project object */;
}
