// !$*UTF8*$!
{
	archiveVersion = 1;
	classes = {
	};
	objectVersion = 46;
	objects = {

/* Begin PBXBuildFile section */
		82BCF3AF17891D65000D311C /* UIKit.framework in Frameworks */ = {isa = PBXBuildFile; fileRef = 82BCF3AE17891D65000D311C /* UIKit.framework */; };
		82BCF3B117891D65000D311C /* Foundation.framework in Frameworks */ = {isa = PBXBuildFile; fileRef = 82BCF3B017891D65000D311C /* Foundation.framework */; };
		82BCF3B317891D65000D311C /* CoreGraphics.framework in Frameworks */ = {isa = PBXBuildFile; fileRef = 82BCF3B217891D65000D311C /* CoreGraphics.framework */; };
		82BCF44117891DDE000D311C /* UTAppDelegate.m in Sources */ = {isa = PBXBuildFile; fileRef = 82BCF41717891DDE000D311C /* UTAppDelegate.m */; };
		82BCF44217891DDE000D311C /* bg1.png in Resources */ = {isa = PBXBuildFile; fileRef = 82BCF42317891DDE000D311C /* bg1.png */; };
		82BCF44317891DDE000D311C /* bg2.png in Resources */ = {isa = PBXBuildFile; fileRef = 82BCF42417891DDE000D311C /* bg2.png */; };
		82BCF44417891DDE000D311C /* bg3.png in Resources */ = {isa = PBXBuildFile; fileRef = 82BCF42517891DDE000D311C /* bg3.png */; };
		82BCF44517891DDE000D311C /* bg4.png in Resources */ = {isa = PBXBuildFile; fileRef = 82BCF42617891DDE000D311C /* bg4.png */; };
		82BCF44617891DDE000D311C /* bg5.png in Resources */ = {isa = PBXBuildFile; fileRef = 82BCF42717891DDE000D311C /* bg5.png */; };
		82BCF44717891DDE000D311C /* blueButton.png in Resources */ = {isa = PBXBuildFile; fileRef = 82BCF42817891DDE000D311C /* blueButton.png */; };
		82BCF44817891DDE000D311C /* Default-568h@2x.png in Resources */ = {isa = PBXBuildFile; fileRef = 82BCF42917891DDE000D311C /* Default-568h@2x.png */; };
		82BCF44917891DDE000D311C /* Default.png in Resources */ = {isa = PBXBuildFile; fileRef = 82BCF42A17891DDE000D311C /* Default.png */; };
		82BCF44A17891DDE000D311C /* Default@2x.png in Resources */ = {isa = PBXBuildFile; fileRef = 82BCF42B17891DDE000D311C /* Default@2x.png */; };
		82BCF44B17891DDE000D311C /* dragon.png in Resources */ = {isa = PBXBuildFile; fileRef = 82BCF42C17891DDE000D311C /* dragon.png */; };
		82BCF44C17891DDE000D311C /* five.png in Resources */ = {isa = PBXBuildFile; fileRef = 82BCF42D17891DDE000D311C /* five.png */; };
		82BCF44D17891DDE000D311C /* five@2x.png in Resources */ = {isa = PBXBuildFile; fileRef = 82BCF42E17891DDE000D311C /* five@2x.png */; };
		82BCF44E17891DDE000D311C /* forward.png in Resources */ = {isa = PBXBuildFile; fileRef = 82BCF42F17891DDE000D311C /* forward.png */; };
		82BCF44F17891DDE000D311C /* four.png in Resources */ = {isa = PBXBuildFile; fileRef = 82BCF43017891DDE000D311C /* four.png */; };
		82BCF45017891DDE000D311C /* four@2x.png in Resources */ = {isa = PBXBuildFile; fileRef = 82BCF43117891DDE000D311C /* four@2x.png */; };
		82BCF45117891DDE000D311C /* hidden.png in Resources */ = {isa = PBXBuildFile; fileRef = 82BCF43217891DDE000D311C /* hidden.png */; };
		82BCF45217891DDE000D311C /* icon.png in Resources */ = {isa = PBXBuildFile; fileRef = 82BCF43317891DDE000D311C /* icon.png */; };
		82BCF45317891DDE000D311C /* one.png in Resources */ = {isa = PBXBuildFile; fileRef = 82BCF43417891DDE000D311C /* one.png */; };
		82BCF45417891DDE000D311C /* one@2x.png in Resources */ = {isa = PBXBuildFile; fileRef = 82BCF43517891DDE000D311C /* one@2x.png */; };
		82BCF45517891DDE000D311C /* retreat.png in Resources */ = {isa = PBXBuildFile; fileRef = 82BCF43617891DDE000D311C /* retreat.png */; };
		82BCF45617891DDE000D311C /* three.png in Resources */ = {isa = PBXBuildFile; fileRef = 82BCF43717891DDE000D311C /* three.png */; };
		82BCF45717891DDE000D311C /* three@2x.png in Resources */ = {isa = PBXBuildFile; fileRef = 82BCF43817891DDE000D311C /* three@2x.png */; };
		82BCF45817891DDE000D311C /* two.png in Resources */ = {isa = PBXBuildFile; fileRef = 82BCF43917891DDE000D311C /* two.png */; };
		82BCF45917891DDE000D311C /* two@2x.png in Resources */ = {isa = PBXBuildFile; fileRef = 82BCF43A17891DDE000D311C /* two@2x.png */; };
		82BCF45A17891DDE000D311C /* whiteButton.png in Resources */ = {isa = PBXBuildFile; fileRef = 82BCF43B17891DDE000D311C /* whiteButton.png */; };
		82BCF45B17891DDE000D311C /* main.m in Sources */ = {isa = PBXBuildFile; fileRef = 82BCF43E17891DDE000D311C /* main.m */; };
		82BCF464178933CE000D311C /* UTBaseViewController.m in Sources */ = {isa = PBXBuildFile; fileRef = 82BCF463178933CE000D311C /* UTBaseViewController.m */; };
		82BCF46817893496000D311C /* UTLodingViewController.m in Sources */ = {isa = PBXBuildFile; fileRef = 82BCF46617893496000D311C /* UTLodingViewController.m */; };
		82BCF46D178934A4000D311C /* UTLoginViewController.m in Sources */ = {isa = PBXBuildFile; fileRef = 82BCF46B178934A4000D311C /* UTLoginViewController.m */; };
		82BCF472178934B2000D311C /* UTUserInfoViewController.m in Sources */ = {isa = PBXBuildFile; fileRef = 82BCF470178934B2000D311C /* UTUserInfoViewController.m */; };
		82BCF477178934E2000D311C /* UTLodingViewController.xib in Resources */ = {isa = PBXBuildFile; fileRef = 82BCF474178934E2000D311C /* UTLodingViewController.xib */; };
		82BCF478178934E2000D311C /* UTLoginViewController.xib in Resources */ = {isa = PBXBuildFile; fileRef = 82BCF475178934E2000D311C /* UTLoginViewController.xib */; };
		82BCF479178934E2000D311C /* UTUserInfoViewController.xib in Resources */ = {isa = PBXBuildFile; fileRef = 82BCF476178934E2000D311C /* UTUserInfoViewController.xib */; };
/* End PBXBuildFile section */

/* Begin PBXFileReference section */
		82BCF3AB17891D65000D311C /* UTDemo9_2.app */ = {isa = PBXFileReference; explicitFileType = wrapper.application; includeInIndex = 0; path = UTDemo9_2.app; sourceTree = BUILT_PRODUCTS_DIR; };
		82BCF3AE17891D65000D311C /* UIKit.framework */ = {isa = PBXFileReference; lastKnownFileType = wrapper.framework; name = UIKit.framework; path = System/Library/Frameworks/UIKit.framework; sourceTree = SDKROOT; };
		82BCF3B017891D65000D311C /* Foundation.framework */ = {isa = PBXFileReference; lastKnownFileType = wrapper.framework; name = Foundation.framework; path = System/Library/Frameworks/Foundation.framework; sourceTree = SDKROOT; };
		82BCF3B217891D65000D311C /* CoreGraphics.framework */ = {isa = PBXFileReference; lastKnownFileType = wrapper.framework; name = CoreGraphics.framework; path = System/Library/Frameworks/CoreGraphics.framework; sourceTree = SDKROOT; };
		82BCF41617891DDE000D311C /* UTAppDelegate.h */ = {isa = PBXFileReference; fileEncoding = 4; lastKnownFileType = sourcecode.c.h; path = UTAppDelegate.h; sourceTree = "<group>"; };
		82BCF41717891DDE000D311C /* UTAppDelegate.m */ = {isa = PBXFileReference; fileEncoding = 4; lastKnownFileType = sourcecode.c.objc; path = UTAppDelegate.m; sourceTree = "<group>"; };
		82BCF42317891DDE000D311C /* bg1.png */ = {isa = PBXFileReference; lastKnownFileType = image.png; path = bg1.png; sourceTree = "<group>"; };
		82BCF42417891DDE000D311C /* bg2.png */ = {isa = PBXFileReference; lastKnownFileType = image.png; path = bg2.png; sourceTree = "<group>"; };
		82BCF42517891DDE000D311C /* bg3.png */ = {isa = PBXFileReference; lastKnownFileType = image.png; path = bg3.png; sourceTree = "<group>"; };
		82BCF42617891DDE000D311C /* bg4.png */ = {isa = PBXFileReference; lastKnownFileType = image.png; path = bg4.png; sourceTree = "<group>"; };
		82BCF42717891DDE000D311C /* bg5.png */ = {isa = PBXFileReference; lastKnownFileType = image.png; path = bg5.png; sourceTree = "<group>"; };
		82BCF42817891DDE000D311C /* blueButton.png */ = {isa = PBXFileReference; lastKnownFileType = image.png; path = blueButton.png; sourceTree = "<group>"; };
		82BCF42917891DDE000D311C /* Default-568h@2x.png */ = {isa = PBXFileReference; lastKnownFileType = image.png; path = "Default-568h@2x.png"; sourceTree = "<group>"; };
		82BCF42A17891DDE000D311C /* Default.png */ = {isa = PBXFileReference; lastKnownFileType = image.png; path = Default.png; sourceTree = "<group>"; };
		82BCF42B17891DDE000D311C /* Default@2x.png */ = {isa = PBXFileReference; lastKnownFileType = image.png; path = "Default@2x.png"; sourceTree = "<group>"; };
		82BCF42C17891DDE000D311C /* dragon.png */ = {isa = PBXFileReference; lastKnownFileType = image.png; path = dragon.png; sourceTree = "<group>"; };
		82BCF42D17891DDE000D311C /* five.png */ = {isa = PBXFileReference; lastKnownFileType = image.png; path = five.png; sourceTree = "<group>"; };
		82BCF42E17891DDE000D311C /* five@2x.png */ = {isa = PBXFileReference; lastKnownFileType = image.png; path = "five@2x.png"; sourceTree = "<group>"; };
		82BCF42F17891DDE000D311C /* forward.png */ = {isa = PBXFileReference; lastKnownFileType = image.png; path = forward.png; sourceTree = "<group>"; };
		82BCF43017891DDE000D311C /* four.png */ = {isa = PBXFileReference; lastKnownFileType = image.png; path = four.png; sourceTree = "<group>"; };
		82BCF43117891DDE000D311C /* four@2x.png */ = {isa = PBXFileReference; lastKnownFileType = image.png; path = "four@2x.png"; sourceTree = "<group>"; };
		82BCF43217891DDE000D311C /* hidden.png */ = {isa = PBXFileReference; lastKnownFileType = image.png; path = hidden.png; sourceTree = "<group>"; };
		82BCF43317891DDE000D311C /* icon.png */ = {isa = PBXFileReference; lastKnownFileType = image.png; path = icon.png; sourceTree = "<group>"; };
		82BCF43417891DDE000D311C /* one.png */ = {isa = PBXFileReference; lastKnownFileType = image.png; path = one.png; sourceTree = "<group>"; };
		82BCF43517891DDE000D311C /* one@2x.png */ = {isa = PBXFileReference; lastKnownFileType = image.png; path = "one@2x.png"; sourceTree = "<group>"; };
		82BCF43617891DDE000D311C /* retreat.png */ = {isa = PBXFileReference; lastKnownFileType = image.png; path = retreat.png; sourceTree = "<group>"; };
		82BCF43717891DDE000D311C /* three.png */ = {isa = PBXFileReference; lastKnownFileType = image.png; path = three.png; sourceTree = "<group>"; };
		82BCF43817891DDE000D311C /* three@2x.png */ = {isa = PBXFileReference; lastKnownFileType = image.png; path = "three@2x.png"; sourceTree = "<group>"; };
		82BCF43917891DDE000D311C /* two.png */ = {isa = PBXFileReference; lastKnownFileType = image.png; path = two.png; sourceTree = "<group>"; };
		82BCF43A17891DDE000D311C /* two@2x.png */ = {isa = PBXFileReference; lastKnownFileType = image.png; path = "two@2x.png"; sourceTree = "<group>"; };
		82BCF43B17891DDE000D311C /* whiteButton.png */ = {isa = PBXFileReference; lastKnownFileType = image.png; path = whiteButton.png; sourceTree = "<group>"; };
		82BCF43E17891DDE000D311C /* main.m */ = {isa = PBXFileReference; fileEncoding = 4; lastKnownFileType = sourcecode.c.objc; path = main.m; sourceTree = "<group>"; };
		82BCF43F17891DDE000D311C /* UTDemo9_2-Info.plist */ = {isa = PBXFileReference; fileEncoding = 4; lastKnownFileType = text.plist.xml; path = "UTDemo9_2-Info.plist"; sourceTree = "<group>"; };
		82BCF44017891DDE000D311C /* UTDemo9_2-Prefix.pch */ = {isa = PBXFileReference; fileEncoding = 4; lastKnownFileType = sourcecode.c.h; path = "UTDemo9_2-Prefix.pch"; sourceTree = "<group>"; };
		82BCF462178933CE000D311C /* UTBaseViewController.h */ = {isa = PBXFileReference; fileEncoding = 4; lastKnownFileType = sourcecode.c.h; path = UTBaseViewController.h; sourceTree = "<group>"; };
		82BCF463178933CE000D311C /* UTBaseViewController.m */ = {isa = PBXFileReference; fileEncoding = 4; lastKnownFileType = sourcecode.c.objc; path = UTBaseViewController.m; sourceTree = "<group>"; };
		82BCF46517893496000D311C /* UTLodingViewController.h */ = {isa = PBXFileReference; fileEncoding = 4; lastKnownFileType = sourcecode.c.h; path = UTLodingViewController.h; sourceTree = "<group>"; };
		82BCF46617893496000D311C /* UTLodingViewController.m */ = {isa = PBXFileReference; fileEncoding = 4; lastKnownFileType = sourcecode.c.objc; path = UTLodingViewController.m; sourceTree = "<group>"; };
		82BCF46A178934A4000D311C /* UTLoginViewController.h */ = {isa = PBXFileReference; fileEncoding = 4; lastKnownFileType = sourcecode.c.h; path = UTLoginViewController.h; sourceTree = "<group>"; };
		82BCF46B178934A4000D311C /* UTLoginViewController.m */ = {isa = PBXFileReference; fileEncoding = 4; lastKnownFileType = sourcecode.c.objc; path = UTLoginViewController.m; sourceTree = "<group>"; };
		82BCF46F178934B2000D311C /* UTUserInfoViewController.h */ = {isa = PBXFileReference; fileEncoding = 4; lastKnownFileType = sourcecode.c.h; path = UTUserInfoViewController.h; sourceTree = "<group>"; };
		82BCF470178934B2000D311C /* UTUserInfoViewController.m */ = {isa = PBXFileReference; fileEncoding = 4; lastKnownFileType = sourcecode.c.objc; path = UTUserInfoViewController.m; sourceTree = "<group>"; };
		82BCF474178934E2000D311C /* UTLodingViewController.xib */ = {isa = PBXFileReference; fileEncoding = 4; lastKnownFileType = file.xib; path = UTLodingViewController.xib; sourceTree = "<group>"; };
		82BCF475178934E2000D311C /* UTLoginViewController.xib */ = {isa = PBXFileReference; fileEncoding = 4; lastKnownFileType = file.xib; path = UTLoginViewController.xib; sourceTree = "<group>"; };
		82BCF476178934E2000D311C /* UTUserInfoViewController.xib */ = {isa = PBXFileReference; fileEncoding = 4; lastKnownFileType = file.xib; path = UTUserInfoViewController.xib; sourceTree = "<group>"; };
/* End PBXFileReference section */

/* Begin PBXFrameworksBuildPhase section */
		82BCF3A817891D65000D311C /* Frameworks */ = {
			isa = PBXFrameworksBuildPhase;
			buildActionMask = 2147483647;
			files = (
				82BCF3AF17891D65000D311C /* UIKit.framework in Frameworks */,
				82BCF3B117891D65000D311C /* Foundation.framework in Frameworks */,
				82BCF3B317891D65000D311C /* CoreGraphics.framework in Frameworks */,
			);
			runOnlyForDeploymentPostprocessing = 0;
		};
/* End PBXFrameworksBuildPhase section */

/* Begin PBXGroup section */
		82BCF3A217891D65000D311C = {
			isa = PBXGroup;
			children = (
				82BCF3B417891D65000D311C /* UTDemo9_2 */,
				82BCF3AD17891D65000D311C /* Frameworks */,
				82BCF3AC17891D65000D311C /* Products */,
			);
			sourceTree = "<group>";
		};
		82BCF3AC17891D65000D311C /* Products */ = {
			isa = PBXGroup;
			children = (
				82BCF3AB17891D65000D311C /* UTDemo9_2.app */,
			);
			name = Products;
			sourceTree = "<group>";
		};
		82BCF3AD17891D65000D311C /* Frameworks */ = {
			isa = PBXGroup;
			children = (
				82BCF3AE17891D65000D311C /* UIKit.framework */,
				82BCF3B017891D65000D311C /* Foundation.framework */,
				82BCF3B217891D65000D311C /* CoreGraphics.framework */,
			);
			name = Frameworks;
			sourceTree = "<group>";
		};
		82BCF3B417891D65000D311C /* UTDemo9_2 */ = {
			isa = PBXGroup;
			children = (
				82BCF41417891DDE000D311C /* Classes */,
				82BCF42117891DDE000D311C /* Resources */,
				82BCF43D17891DDE000D311C /* Supporting Files */,
			);
			path = UTDemo9_2;
			sourceTree = "<group>";
		};
		82BCF41417891DDE000D311C /* Classes */ = {
			isa = PBXGroup;
			children = (
				82BCF41517891DDE000D311C /* AppDelegate */,
				82BCF41817891DDE000D311C /* Components */,
				82BCF41917891DDE000D311C /* Controllers */,
				82BCF41B17891DDE000D311C /* Globals */,
				82BCF41C17891DDE000D311C /* Models */,
				82BCF41D17891DDE000D311C /* Parsers */,
				82BCF41E17891DDE000D311C /* Publics */,
				82BCF41F17891DDE000D311C /* Requests */,
				82BCF42017891DDE000D311C /* Utils */,
			);
			path = Classes;
			sourceTree = "<group>";
		};
		82BCF41517891DDE000D311C /* AppDelegate */ = {
			isa = PBXGroup;
			children = (
				82BCF41617891DDE000D311C /* UTAppDelegate.h */,
				82BCF41717891DDE000D311C /* UTAppDelegate.m */,
			);
			path = AppDelegate;
			sourceTree = "<group>";
		};
		82BCF41817891DDE000D311C /* Components */ = {
			isa = PBXGroup;
			children = (
			);
			path = Components;
			sourceTree = "<group>";
		};
		82BCF41917891DDE000D311C /* Controllers */ = {
			isa = PBXGroup;
			children = (
				82BCF41A17891DDE000D311C /* Base */,
				82BCF46517893496000D311C /* UTLodingViewController.h */,
				82BCF46617893496000D311C /* UTLodingViewController.m */,
				82BCF46A178934A4000D311C /* UTLoginViewController.h */,
				82BCF46B178934A4000D311C /* UTLoginViewController.m */,
				82BCF46F178934B2000D311C /* UTUserInfoViewController.h */,
				82BCF470178934B2000D311C /* UTUserInfoViewController.m */,
			);
			path = Controllers;
			sourceTree = "<group>";
		};
		82BCF41A17891DDE000D311C /* Base */ = {
			isa = PBXGroup;
			children = (
				82BCF462178933CE000D311C /* UTBaseViewController.h */,
				82BCF463178933CE000D311C /* UTBaseViewController.m */,
			);
			path = Base;
			sourceTree = "<group>";
		};
		82BCF41B17891DDE000D311C /* Globals */ = {
			isa = PBXGroup;
			children = (
			);
			path = Globals;
			sourceTree = "<group>";
		};
		82BCF41C17891DDE000D311C /* Models */ = {
			isa = PBXGroup;
			children = (
			);
			path = Models;
			sourceTree = "<group>";
		};
		82BCF41D17891DDE000D311C /* Parsers */ = {
			isa = PBXGroup;
			children = (
			);
			path = Parsers;
			sourceTree = "<group>";
		};
		82BCF41E17891DDE000D311C /* Publics */ = {
			isa = PBXGroup;
			children = (
			);
			path = Publics;
			sourceTree = "<group>";
		};
		82BCF41F17891DDE000D311C /* Requests */ = {
			isa = PBXGroup;
			children = (
			);
			path = Requests;
			sourceTree = "<group>";
		};
		82BCF42017891DDE000D311C /* Utils */ = {
			isa = PBXGroup;
			children = (
			);
			path = Utils;
			sourceTree = "<group>";
		};
		82BCF42117891DDE000D311C /* Resources */ = {
			isa = PBXGroup;
			children = (
				82BCF42217891DDE000D311C /* Images */,
				82BCF43C17891DDE000D311C /* XIBs */,
			);
			path = Resources;
			sourceTree = "<group>";
		};
		82BCF42217891DDE000D311C /* Images */ = {
			isa = PBXGroup;
			children = (
				82BCF42317891DDE000D311C /* bg1.png */,
				82BCF42417891DDE000D311C /* bg2.png */,
				82BCF42517891DDE000D311C /* bg3.png */,
				82BCF42617891DDE000D311C /* bg4.png */,
				82BCF42717891DDE000D311C /* bg5.png */,
				82BCF42817891DDE000D311C /* blueButton.png */,
				82BCF42917891DDE000D311C /* Default-568h@2x.png */,
				82BCF42A17891DDE000D311C /* Default.png */,
				82BCF42B17891DDE000D311C /* Default@2x.png */,
				82BCF42C17891DDE000D311C /* dragon.png */,
				82BCF42D17891DDE000D311C /* five.png */,
				82BCF42E17891DDE000D311C /* five@2x.png */,
				82BCF42F17891DDE000D311C /* forward.png */,
				82BCF43017891DDE000D311C /* four.png */,
				82BCF43117891DDE000D311C /* four@2x.png */,
				82BCF43217891DDE000D311C /* hidden.png */,
				82BCF43317891DDE000D311C /* icon.png */,
				82BCF43417891DDE000D311C /* one.png */,
				82BCF43517891DDE000D311C /* one@2x.png */,
				82BCF43617891DDE000D311C /* retreat.png */,
				82BCF43717891DDE000D311C /* three.png */,
				82BCF43817891DDE000D311C /* three@2x.png */,
				82BCF43917891DDE000D311C /* two.png */,
				82BCF43A17891DDE000D311C /* two@2x.png */,
				82BCF43B17891DDE000D311C /* whiteButton.png */,
			);
			path = Images;
			sourceTree = "<group>";
		};
		82BCF43C17891DDE000D311C /* XIBs */ = {
			isa = PBXGroup;
			children = (
				82BCF474178934E2000D311C /* UTLodingViewController.xib */,
				82BCF475178934E2000D311C /* UTLoginViewController.xib */,
				82BCF476178934E2000D311C /* UTUserInfoViewController.xib */,
			);
			path = XIBs;
			sourceTree = "<group>";
		};
		82BCF43D17891DDE000D311C /* Supporting Files */ = {
			isa = PBXGroup;
			children = (
				82BCF43E17891DDE000D311C /* main.m */,
				82BCF43F17891DDE000D311C /* UTDemo9_2-Info.plist */,
				82BCF44017891DDE000D311C /* UTDemo9_2-Prefix.pch */,
			);
			path = "Supporting Files";
			sourceTree = "<group>";
		};
/* End PBXGroup section */

/* Begin PBXNativeTarget section */
		82BCF3AA17891D65000D311C /* UTDemo9_2 */ = {
			isa = PBXNativeTarget;
			buildConfigurationList = 82BCF3C817891D65000D311C /* Build configuration list for PBXNativeTarget "UTDemo9_2" */;
			buildPhases = (
				82BCF3A717891D65000D311C /* Sources */,
				82BCF3A817891D65000D311C /* Frameworks */,
				82BCF3A917891D65000D311C /* Resources */,
			);
			buildRules = (
			);
			dependencies = (
			);
			name = UTDemo9_2;
			productName = UTDemo9_2;
			productReference = 82BCF3AB17891D65000D311C /* UTDemo9_2.app */;
			productType = "com.apple.product-type.application";
		};
/* End PBXNativeTarget section */

/* Begin PBXProject section */
		82BCF3A317891D65000D311C /* Project object */ = {
			isa = PBXProject;
			attributes = {
				CLASSPREFIX = UT;
				LastUpgradeCheck = 0460;
				ORGANIZATIONNAME = "Hivan Du";
			};
			buildConfigurationList = 82BCF3A617891D65000D311C /* Build configuration list for PBXProject "UTDemo9_2" */;
			compatibilityVersion = "Xcode 3.2";
			developmentRegion = English;
			hasScannedForEncodings = 0;
			knownRegions = (
				en,
			);
			mainGroup = 82BCF3A217891D65000D311C;
			productRefGroup = 82BCF3AC17891D65000D311C /* Products */;
			projectDirPath = "";
			projectRoot = "";
			targets = (
				82BCF3AA17891D65000D311C /* UTDemo9_2 */,
			);
		};
/* End PBXProject section */

/* Begin PBXResourcesBuildPhase section */
		82BCF3A917891D65000D311C /* Resources */ = {
			isa = PBXResourcesBuildPhase;
			buildActionMask = 2147483647;
			files = (
				82BCF44217891DDE000D311C /* bg1.png in Resources */,
				82BCF44317891DDE000D311C /* bg2.png in Resources */,
				82BCF44417891DDE000D311C /* bg3.png in Resources */,
				82BCF44517891DDE000D311C /* bg4.png in Resources */,
				82BCF44617891DDE000D311C /* bg5.png in Resources */,
				82BCF44717891DDE000D311C /* blueButton.png in Resources */,
				82BCF44817891DDE000D311C /* Default-568h@2x.png in Resources */,
				82BCF44917891DDE000D311C /* Default.png in Resources */,
				82BCF44A17891DDE000D311C /* Default@2x.png in Resources */,
				82BCF44B17891DDE000D311C /* dragon.png in Resources */,
				82BCF44C17891DDE000D311C /* five.png in Resources */,
				82BCF44D17891DDE000D311C /* five@2x.png in Resources */,
				82BCF44E17891DDE000D311C /* forward.png in Resources */,
				82BCF44F17891DDE000D311C /* four.png in Resources */,
				82BCF45017891DDE000D311C /* four@2x.png in Resources */,
				82BCF45117891DDE000D311C /* hidden.png in Resources */,
				82BCF45217891DDE000D311C /* icon.png in Resources */,
				82BCF45317891DDE000D311C /* one.png in Resources */,
				82BCF45417891DDE000D311C /* one@2x.png in Resources */,
				82BCF45517891DDE000D311C /* retreat.png in Resources */,
				82BCF45617891DDE000D311C /* three.png in Resources */,
				82BCF45717891DDE000D311C /* three@2x.png in Resources */,
				82BCF45817891DDE000D311C /* two.png in Resources */,
				82BCF45917891DDE000D311C /* two@2x.png in Resources */,
				82BCF45A17891DDE000D311C /* whiteButton.png in Resources */,
				82BCF477178934E2000D311C /* UTLodingViewController.xib in Resources */,
				82BCF478178934E2000D311C /* UTLoginViewController.xib in Resources */,
				82BCF479178934E2000D311C /* UTUserInfoViewController.xib in Resources */,
			);
			runOnlyForDeploymentPostprocessing = 0;
		};
/* End PBXResourcesBuildPhase section */

/* Begin PBXSourcesBuildPhase section */
		82BCF3A717891D65000D311C /* Sources */ = {
			isa = PBXSourcesBuildPhase;
			buildActionMask = 2147483647;
			files = (
				82BCF44117891DDE000D311C /* UTAppDelegate.m in Sources */,
				82BCF45B17891DDE000D311C /* main.m in Sources */,
				82BCF464178933CE000D311C /* UTBaseViewController.m in Sources */,
				82BCF46817893496000D311C /* UTLodingViewController.m in Sources */,
				82BCF46D178934A4000D311C /* UTLoginViewController.m in Sources */,
				82BCF472178934B2000D311C /* UTUserInfoViewController.m in Sources */,
			);
			runOnlyForDeploymentPostprocessing = 0;
		};
/* End PBXSourcesBuildPhase section */

/* Begin XCBuildConfiguration section */
		82BCF3C617891D65000D311C /* Debug */ = {
			isa = XCBuildConfiguration;
			buildSettings = {
				ALWAYS_SEARCH_USER_PATHS = NO;
				CLANG_CXX_LANGUAGE_STANDARD = "gnu++0x";
				CLANG_CXX_LIBRARY = "libc++";
				CLANG_WARN_CONSTANT_CONVERSION = YES;
				CLANG_WARN_EMPTY_BODY = YES;
				CLANG_WARN_ENUM_CONVERSION = YES;
				CLANG_WARN_INT_CONVERSION = YES;
				CLANG_WARN__DUPLICATE_METHOD_MATCH = YES;
				"CODE_SIGN_IDENTITY[sdk=iphoneos*]" = "iPhone Developer";
				COPY_PHASE_STRIP = NO;
				GCC_C_LANGUAGE_STANDARD = gnu99;
				GCC_DYNAMIC_NO_PIC = NO;
				GCC_OPTIMIZATION_LEVEL = 0;
				GCC_PREPROCESSOR_DEFINITIONS = (
					"DEBUG=1",
					"$(inherited)",
				);
				GCC_SYMBOLS_PRIVATE_EXTERN = NO;
				GCC_WARN_ABOUT_RETURN_TYPE = YES;
				GCC_WARN_UNINITIALIZED_AUTOS = YES;
				GCC_WARN_UNUSED_VARIABLE = YES;
				IPHONEOS_DEPLOYMENT_TARGET = 6.1;
				ONLY_ACTIVE_ARCH = YES;
				SDKROOT = iphoneos;
			};
			name = Debug;
		};
		82BCF3C717891D65000D311C /* Release */ = {
			isa = XCBuildConfiguration;
			buildSettings = {
				ALWAYS_SEARCH_USER_PATHS = NO;
				CLANG_CXX_LANGUAGE_STANDARD = "gnu++0x";
				CLANG_CXX_LIBRARY = "libc++";
				CLANG_WARN_CONSTANT_CONVERSION = YES;
				CLANG_WARN_EMPTY_BODY = YES;
				CLANG_WARN_ENUM_CONVERSION = YES;
				CLANG_WARN_INT_CONVERSION = YES;
				CLANG_WARN__DUPLICATE_METHOD_MATCH = YES;
				"CODE_SIGN_IDENTITY[sdk=iphoneos*]" = "iPhone Developer";
				COPY_PHASE_STRIP = YES;
				GCC_C_LANGUAGE_STANDARD = gnu99;
				GCC_WARN_ABOUT_RETURN_TYPE = YES;
				GCC_WARN_UNINITIALIZED_AUTOS = YES;
				GCC_WARN_UNUSED_VARIABLE = YES;
				IPHONEOS_DEPLOYMENT_TARGET = 6.1;
				OTHER_CFLAGS = "-DNS_BLOCK_ASSERTIONS=1";
				SDKROOT = iphoneos;
				VALIDATE_PRODUCT = YES;
			};
			name = Release;
		};
		82BCF3C917891D65000D311C /* Debug */ = {
			isa = XCBuildConfiguration;
			buildSettings = {
				GCC_PRECOMPILE_PREFIX_HEADER = YES;
				GCC_PREFIX_HEADER = "UTDemo9_2/Supporting Files/UTDemo9_2-Prefix.pch";
				INFOPLIST_FILE = "UTDemo9_2/Supporting Files/UTDemo9_2-Info.plist";
				IPHONEOS_DEPLOYMENT_TARGET = 4.3;
				PRODUCT_NAME = "$(TARGET_NAME)";
				WRAPPER_EXTENSION = app;
			};
			name = Debug;
		};
		82BCF3CA17891D65000D311C /* Release */ = {
			isa = XCBuildConfiguration;
			buildSettings = {
				GCC_PRECOMPILE_PREFIX_HEADER = YES;
				GCC_PREFIX_HEADER = "UTDemo9_2/Supporting Files/UTDemo9_2-Prefix.pch";
				INFOPLIST_FILE = "UTDemo9_2/Supporting Files/UTDemo9_2-Info.plist";
				IPHONEOS_DEPLOYMENT_TARGET = 4.3;
				PRODUCT_NAME = "$(TARGET_NAME)";
				WRAPPER_EXTENSION = app;
			};
			name = Release;
		};
/* End XCBuildConfiguration section */

/* Begin XCConfigurationList section */
		82BCF3A617891D65000D311C /* Build configuration list for PBXProject "UTDemo9_2" */ = {
			isa = XCConfigurationList;
			buildConfigurations = (
				82BCF3C617891D65000D311C /* Debug */,
				82BCF3C717891D65000D311C /* Release */,
			);
			defaultConfigurationIsVisible = 0;
			defaultConfigurationName = Release;
		};
		82BCF3C817891D65000D311C /* Build configuration list for PBXNativeTarget "UTDemo9_2" */ = {
			isa = XCConfigurationList;
			buildConfigurations = (
				82BCF3C917891D65000D311C /* Debug */,
				82BCF3CA17891D65000D311C /* Release */,
			);
			defaultConfigurationIsVisible = 0;
		};
/* End XCConfigurationList section */
	};
	rootObject = 82BCF3A317891D65000D311C /* Project object */;
}
